// !$*UTF8*$!
{
	archiveVersion = 1;
	classes = {
	};
	objectVersion = 46;
	objects = {

/* Begin PBXBuildFile section */
		3948E03F1501A34200C5BDA9 /* ZUUIRevealController.m in Sources */ = {isa = PBXBuildFile; fileRef = 3948E03D1501A34200C5BDA9 /* ZUUIRevealController.m */; settings = {COMPILER_FLAGS = "-fno-objc-arc"; }; };
		3948E0461501ADC300C5BDA9 /* PKSettingsViewController.m in Sources */ = {isa = PBXBuildFile; fileRef = 3948E0451501ADC300C5BDA9 /* PKSettingsViewController.m */; };
		394AE45C14B56E7400A1367D /* ASIAuthenticationDialog.m in Sources */ = {isa = PBXBuildFile; fileRef = 394AE45414B56E7400A1367D /* ASIAuthenticationDialog.m */; settings = {COMPILER_FLAGS = "-fno-objc-arc"; }; };
		394AE45D14B56E7400A1367D /* ASIDataCompressor.m in Sources */ = {isa = PBXBuildFile; fileRef = 394AE45514B56E7400A1367D /* ASIDataCompressor.m */; settings = {COMPILER_FLAGS = "-fno-objc-arc"; }; };
		394AE45E14B56E7400A1367D /* ASIDataDecompressor.m in Sources */ = {isa = PBXBuildFile; fileRef = 394AE45614B56E7400A1367D /* ASIDataDecompressor.m */; settings = {COMPILER_FLAGS = "-fno-objc-arc"; }; };
		394AE45F14B56E7400A1367D /* ASIDownloadCache.m in Sources */ = {isa = PBXBuildFile; fileRef = 394AE45714B56E7400A1367D /* ASIDownloadCache.m */; settings = {COMPILER_FLAGS = "-fno-objc-arc"; }; };
		394AE46014B56E7400A1367D /* ASIFormDataRequest.m in Sources */ = {isa = PBXBuildFile; fileRef = 394AE45814B56E7400A1367D /* ASIFormDataRequest.m */; settings = {COMPILER_FLAGS = "-fno-objc-arc"; }; };
		394AE46114B56E7400A1367D /* ASIHTTPRequest.m in Sources */ = {isa = PBXBuildFile; fileRef = 394AE45914B56E7400A1367D /* ASIHTTPRequest.m */; settings = {COMPILER_FLAGS = "-fno-objc-arc"; }; };
		394AE46214B56E7400A1367D /* ASIInputStream.m in Sources */ = {isa = PBXBuildFile; fileRef = 394AE45A14B56E7400A1367D /* ASIInputStream.m */; settings = {COMPILER_FLAGS = "-fno-objc-arc"; }; };
		394AE46314B56E7400A1367D /* ASINetworkQueue.m in Sources */ = {isa = PBXBuildFile; fileRef = 394AE45B14B56E7400A1367D /* ASINetworkQueue.m */; settings = {COMPILER_FLAGS = "-fno-objc-arc"; }; };
		394AE48114B5808600A1367D /* Reachability.m in Sources */ = {isa = PBXBuildFile; fileRef = 394AE47F14B5808600A1367D /* Reachability.m */; settings = {COMPILER_FLAGS = "-fno-objc-arc"; }; };
		394AE48714B63E9800A1367D /* SVProgressHUD.bundle in Resources */ = {isa = PBXBuildFile; fileRef = 394AE48614B63E9800A1367D /* SVProgressHUD.bundle */; };
		394AE48B14B63EAA00A1367D /* SVProgressHUD.m in Sources */ = {isa = PBXBuildFile; fileRef = 394AE48914B63EAA00A1367D /* SVProgressHUD.m */; settings = {COMPILER_FLAGS = "-fno-objc-arc"; }; };
		394AE49614B64A7B00A1367D /* UIImage+ProportionalFill.m in Sources */ = {isa = PBXBuildFile; fileRef = 394AE49314B64A7B00A1367D /* UIImage+ProportionalFill.m */; };
		394AE49714B64A7B00A1367D /* UIImage+Tint.m in Sources */ = {isa = PBXBuildFile; fileRef = 394AE49514B64A7B00A1367D /* UIImage+Tint.m */; };
		394AE4B314B6541100A1367D /* NSObject+SBJson.m in Sources */ = {isa = PBXBuildFile; fileRef = 394AE49A14B6541000A1367D /* NSObject+SBJson.m */; };
		394AE4B414B6541100A1367D /* SBJsonParser.m in Sources */ = {isa = PBXBuildFile; fileRef = 394AE49B14B6541000A1367D /* SBJsonParser.m */; };
		394AE4B514B6541100A1367D /* SBJsonStreamParser.m in Sources */ = {isa = PBXBuildFile; fileRef = 394AE49C14B6541000A1367D /* SBJsonStreamParser.m */; };
		394AE4B614B6541100A1367D /* SBJsonStreamParserAccumulator.m in Sources */ = {isa = PBXBuildFile; fileRef = 394AE49D14B6541000A1367D /* SBJsonStreamParserAccumulator.m */; };
		394AE4B714B6541100A1367D /* SBJsonStreamParserAdapter.m in Sources */ = {isa = PBXBuildFile; fileRef = 394AE49E14B6541000A1367D /* SBJsonStreamParserAdapter.m */; };
		394AE4B814B6541100A1367D /* SBJsonStreamParserState.m in Sources */ = {isa = PBXBuildFile; fileRef = 394AE49F14B6541000A1367D /* SBJsonStreamParserState.m */; };
		394AE4B914B6541100A1367D /* SBJsonStreamWriter.m in Sources */ = {isa = PBXBuildFile; fileRef = 394AE4A014B6541000A1367D /* SBJsonStreamWriter.m */; };
		394AE4BA14B6541100A1367D /* SBJsonStreamWriterAccumulator.m in Sources */ = {isa = PBXBuildFile; fileRef = 394AE4A114B6541000A1367D /* SBJsonStreamWriterAccumulator.m */; };
		394AE4BB14B6541100A1367D /* SBJsonStreamWriterState.m in Sources */ = {isa = PBXBuildFile; fileRef = 394AE4A214B6541000A1367D /* SBJsonStreamWriterState.m */; };
		394AE4BC14B6541100A1367D /* SBJsonTokeniser.m in Sources */ = {isa = PBXBuildFile; fileRef = 394AE4A314B6541000A1367D /* SBJsonTokeniser.m */; };
		394AE4BD14B6541100A1367D /* SBJsonUTF8Stream.m in Sources */ = {isa = PBXBuildFile; fileRef = 394AE4A414B6541000A1367D /* SBJsonUTF8Stream.m */; };
		394AE4BE14B6541100A1367D /* SBJsonWriter.m in Sources */ = {isa = PBXBuildFile; fileRef = 394AE4A514B6541000A1367D /* SBJsonWriter.m */; };
		394F69C614C253BF0034603D /* PersonViewController.m in Sources */ = {isa = PBXBuildFile; fileRef = 394F69C514C253BF0034603D /* PersonViewController.m */; };
		39545B4014DD1E630025411F /* PKPerson.m in Sources */ = {isa = PBXBuildFile; fileRef = 39545B3F14DD1E630025411F /* PKPerson.m */; };
		3958BCEE14D3A1FC00D03DB4 /* orangeTopBar.png in Resources */ = {isa = PBXBuildFile; fileRef = 3958BCEB14D3A1FC00D03DB4 /* orangeTopBar.png */; };
		3958BCEF14D3A1FC00D03DB4 /* orangeTopBar@2x.png in Resources */ = {isa = PBXBuildFile; fileRef = 3958BCEC14D3A1FC00D03DB4 /* orangeTopBar@2x.png */; };
		3958BCF514D3B07000D03DB4 /* redTopBar.png in Resources */ = {isa = PBXBuildFile; fileRef = 3958BCF214D3B07000D03DB4 /* redTopBar.png */; };
		3958BCF614D3B07000D03DB4 /* redTopBar@2x.png in Resources */ = {isa = PBXBuildFile; fileRef = 3958BCF314D3B07000D03DB4 /* redTopBar@2x.png */; };
		3958BCF714D3B07000D03DB4 /* switchCameraButton.png in Resources */ = {isa = PBXBuildFile; fileRef = 3958BCF414D3B07000D03DB4 /* switchCameraButton.png */; };
		3988316814CD40F100B69275 /* BaseViewController.m in Sources */ = {isa = PBXBuildFile; fileRef = 3988316714CD40F100B69275 /* BaseViewController.m */; settings = {COMPILER_FLAGS = "-fno-objc-arc"; }; };
		3988317514CD419900B69275 /* capture-button.png in Resources */ = {isa = PBXBuildFile; fileRef = 3988316A14CD419900B69275 /* capture-button.png */; };
		3988317614CD419900B69275 /* capture-button@2x.png in Resources */ = {isa = PBXBuildFile; fileRef = 3988316B14CD419900B69275 /* capture-button@2x.png */; };
		3988317714CD419900B69275 /* tab-explore.png in Resources */ = {isa = PBXBuildFile; fileRef = 3988316C14CD419900B69275 /* tab-explore.png */; };
		3988317814CD419900B69275 /* tab-explore@2x.png in Resources */ = {isa = PBXBuildFile; fileRef = 3988316D14CD419900B69275 /* tab-explore@2x.png */; };
		3988317914CD419900B69275 /* tab-friends.png in Resources */ = {isa = PBXBuildFile; fileRef = 3988316E14CD419900B69275 /* tab-friends.png */; };
		3988317A14CD419900B69275 /* tab-friends@2x.png in Resources */ = {isa = PBXBuildFile; fileRef = 3988316F14CD419900B69275 /* tab-friends@2x.png */; };
		3988317B14CD419900B69275 /* tab-me.png in Resources */ = {isa = PBXBuildFile; fileRef = 3988317014CD419900B69275 /* tab-me.png */; };
		3988317C14CD419900B69275 /* tab-me@2x.png in Resources */ = {isa = PBXBuildFile; fileRef = 3988317114CD419900B69275 /* tab-me@2x.png */; };
		3988317D14CD419900B69275 /* tab-today.png in Resources */ = {isa = PBXBuildFile; fileRef = 3988317214CD419900B69275 /* tab-today.png */; };
		3988317E14CD419900B69275 /* tab-today@2x.png in Resources */ = {isa = PBXBuildFile; fileRef = 3988317314CD419900B69275 /* tab-today@2x.png */; };
		3988317F14CD419900B69275 /* app-icon-114.png in Resources */ = {isa = PBXBuildFile; fileRef = 3988317414CD419900B69275 /* app-icon-114.png */; };
		3988318F14CD58AD00B69275 /* fabric-bg.png in Resources */ = {isa = PBXBuildFile; fileRef = 3988318E14CD58AD00B69275 /* fabric-bg.png */; };
		3988319114CD5EA200B69275 /* Default@2x.png in Resources */ = {isa = PBXBuildFile; fileRef = 3988319014CD5EA200B69275 /* Default@2x.png */; };
		3988319314CD5EC700B69275 /* Default.png in Resources */ = {isa = PBXBuildFile; fileRef = 3988319214CD5EC700B69275 /* Default.png */; };
		3988319B14CD635700B69275 /* facebookButton.png in Resources */ = {isa = PBXBuildFile; fileRef = 3988319A14CD635700B69275 /* facebookButton.png */; };
		3988319D14CD641D00B69275 /* facebookButton@2x.png in Resources */ = {isa = PBXBuildFile; fileRef = 3988319C14CD641D00B69275 /* facebookButton@2x.png */; };
		3994407D14EF37FF0008C161 /* instructionDialog@2x.png in Resources */ = {isa = PBXBuildFile; fileRef = 3994407C14EF37FF0008C161 /* instructionDialog@2x.png */; };
		3994408014EF444E0008C161 /* facebookLoginBg.png in Resources */ = {isa = PBXBuildFile; fileRef = 3994407F14EF444E0008C161 /* facebookLoginBg.png */; };
		39C31F4114EAD1C50099A10C /* WETouchableView.m in Sources */ = {isa = PBXBuildFile; fileRef = 39C31F3914EAD1C50099A10C /* WETouchableView.m */; settings = {COMPILER_FLAGS = "-fno-objc-arc"; }; };
		39C31F4214EAD1C50099A10C /* WEPopoverContainerView.m in Sources */ = {isa = PBXBuildFile; fileRef = 39C31F3B14EAD1C50099A10C /* WEPopoverContainerView.m */; settings = {COMPILER_FLAGS = "-fno-objc-arc"; }; };
		39C31F4314EAD1C50099A10C /* WEPopoverController.m in Sources */ = {isa = PBXBuildFile; fileRef = 39C31F3D14EAD1C50099A10C /* WEPopoverController.m */; settings = {COMPILER_FLAGS = "-fno-objc-arc"; }; };
		39C31F4414EAD1C50099A10C /* UIBarButtonItem+WEPopover.m in Sources */ = {isa = PBXBuildFile; fileRef = 39C31F4014EAD1C50099A10C /* UIBarButtonItem+WEPopover.m */; settings = {COMPILER_FLAGS = "-fno-objc-arc"; }; };
		39C31F4714EAD2C50099A10C /* WEPopoverContentViewController.m in Sources */ = {isa = PBXBuildFile; fileRef = 39C31F4614EAD2C50099A10C /* WEPopoverContentViewController.m */; settings = {COMPILER_FLAGS = "-fno-objc-arc"; }; };
		39C31F5514EAD4590099A10C /* popoverBg@2x.png in Resources */ = {isa = PBXBuildFile; fileRef = 39C31F4B14EAD4590099A10C /* popoverBg@2x.png */; };
		39C31F5614EAD4590099A10C /* popoverBg.png in Resources */ = {isa = PBXBuildFile; fileRef = 39C31F4C14EAD4590099A10C /* popoverBg.png */; };
		39C31F5714EAD4590099A10C /* popoverArrowUp@2x.png in Resources */ = {isa = PBXBuildFile; fileRef = 39C31F4D14EAD4590099A10C /* popoverArrowUp@2x.png */; };
		39C31F5814EAD4590099A10C /* popoverArrowUp.png in Resources */ = {isa = PBXBuildFile; fileRef = 39C31F4E14EAD4590099A10C /* popoverArrowUp.png */; };
		39C31F5914EAD4590099A10C /* popoverArrowRight@2x.png in Resources */ = {isa = PBXBuildFile; fileRef = 39C31F4F14EAD4590099A10C /* popoverArrowRight@2x.png */; };
		39C31F5A14EAD4590099A10C /* popoverArrowRight.png in Resources */ = {isa = PBXBuildFile; fileRef = 39C31F5014EAD4590099A10C /* popoverArrowRight.png */; };
		39C31F5B14EAD4590099A10C /* popoverArrowLeft@2x.png in Resources */ = {isa = PBXBuildFile; fileRef = 39C31F5114EAD4590099A10C /* popoverArrowLeft@2x.png */; };
		39C31F5C14EAD4590099A10C /* popoverArrowLeft.png in Resources */ = {isa = PBXBuildFile; fileRef = 39C31F5214EAD4590099A10C /* popoverArrowLeft.png */; };
		39C31F5D14EAD4590099A10C /* popoverArrowDown@2x.png in Resources */ = {isa = PBXBuildFile; fileRef = 39C31F5314EAD4590099A10C /* popoverArrowDown@2x.png */; };
		39C31F5E14EAD4590099A10C /* popoverArrowDown.png in Resources */ = {isa = PBXBuildFile; fileRef = 39C31F5414EAD4590099A10C /* popoverArrowDown.png */; };
		39C31F6414EAD4600099A10C /* popoverBgSimple.png in Resources */ = {isa = PBXBuildFile; fileRef = 39C31F5F14EAD4600099A10C /* popoverBgSimple.png */; };
		39C31F6514EAD4600099A10C /* popoverArrowUpSimple.png in Resources */ = {isa = PBXBuildFile; fileRef = 39C31F6014EAD4600099A10C /* popoverArrowUpSimple.png */; };
		39C31F6614EAD4600099A10C /* popoverArrowRightSimple.png in Resources */ = {isa = PBXBuildFile; fileRef = 39C31F6114EAD4600099A10C /* popoverArrowRightSimple.png */; };
		39C31F6714EAD4600099A10C /* popoverArrowLeftSimple.png in Resources */ = {isa = PBXBuildFile; fileRef = 39C31F6214EAD4600099A10C /* popoverArrowLeftSimple.png */; };
		39C31F6814EAD4600099A10C /* popoverArrowDownSimple.png in Resources */ = {isa = PBXBuildFile; fileRef = 39C31F6314EAD4600099A10C /* popoverArrowDownSimple.png */; };
		39CE53ED15000B5C00F91D66 /* Icon-72.png in Resources */ = {isa = PBXBuildFile; fileRef = 39CE53E615000B5C00F91D66 /* Icon-72.png */; };
		39CE53EE15000B5C00F91D66 /* Icon-Small-50.png in Resources */ = {isa = PBXBuildFile; fileRef = 39CE53E715000B5C00F91D66 /* Icon-Small-50.png */; };
		39CE53EF15000B5C00F91D66 /* Icon-Small.png in Resources */ = {isa = PBXBuildFile; fileRef = 39CE53E815000B5C00F91D66 /* Icon-Small.png */; };
		39CE53F015000B5C00F91D66 /* Icon-Small@2x.png in Resources */ = {isa = PBXBuildFile; fileRef = 39CE53E915000B5C00F91D66 /* Icon-Small@2x.png */; };
		39CE53F115000B5C00F91D66 /* Icon.png in Resources */ = {isa = PBXBuildFile; fileRef = 39CE53EA15000B5C00F91D66 /* Icon.png */; };
		39CE53F215000B5C00F91D66 /* Icon@2x.png in Resources */ = {isa = PBXBuildFile; fileRef = 39CE53EB15000B5C00F91D66 /* Icon@2x.png */; };
		39CE53F315000B5C00F91D66 /* iTunesArtwork.png in Resources */ = {isa = PBXBuildFile; fileRef = 39CE53EC15000B5C00F91D66 /* iTunesArtwork.png */; };
		39CE53FA150050BC00F91D66 /* PKTrainingViewController.m in Sources */ = {isa = PBXBuildFile; fileRef = 39CE53F8150050BC00F91D66 /* PKTrainingViewController.m */; };
		39CE54001500510000F91D66 /* CPAnimationSequence.m in Sources */ = {isa = PBXBuildFile; fileRef = 39CE53FC1500510000F91D66 /* CPAnimationSequence.m */; };
		39CE54011500510000F91D66 /* CPAnimationStep.m in Sources */ = {isa = PBXBuildFile; fileRef = 39CE53FD1500510000F91D66 /* CPAnimationStep.m */; };
		39CE540A1500518800F91D66 /* Down_Head_3.png in Resources */ = {isa = PBXBuildFile; fileRef = 39CE54031500518800F91D66 /* Down_Head_3.png */; };
		39CE540B1500518800F91D66 /* Head_Background.png in Resources */ = {isa = PBXBuildFile; fileRef = 39CE54041500518800F91D66 /* Head_Background.png */; };
		39CE540C1500518800F91D66 /* Left_Head_3.png in Resources */ = {isa = PBXBuildFile; fileRef = 39CE54051500518800F91D66 /* Left_Head_3.png */; };
		39CE540D1500518800F91D66 /* Right_Head_3.png in Resources */ = {isa = PBXBuildFile; fileRef = 39CE54061500518800F91D66 /* Right_Head_3.png */; };
		39CE540E1500518800F91D66 /* Smile_Head_3.png in Resources */ = {isa = PBXBuildFile; fileRef = 39CE54071500518800F91D66 /* Smile_Head_3.png */; };
		39CE540F1500518800F91D66 /* Straight_Head_3.png in Resources */ = {isa = PBXBuildFile; fileRef = 39CE54081500518800F91D66 /* Straight_Head_3.png */; };
		39CE54101500518800F91D66 /* Up_Head_3.png in Resources */ = {isa = PBXBuildFile; fileRef = 39CE54091500518800F91D66 /* Up_Head_3.png */; };
		39CE6A1314C3FE910073415A /* profileBackground.png in Resources */ = {isa = PBXBuildFile; fileRef = 39CE6A1214C3FE910073415A /* profileBackground.png */; };
		39E1402A14C5F48500624D91 /* Facebook.m in Sources */ = {isa = PBXBuildFile; fileRef = 39E1402114C5F48500624D91 /* Facebook.m */; settings = {COMPILER_FLAGS = "-fno-objc-arc"; }; };
		39E1402B14C5F48500624D91 /* FBDialog.bundle in Resources */ = {isa = PBXBuildFile; fileRef = 39E1402314C5F48500624D91 /* FBDialog.bundle */; };
		39E1402C14C5F48500624D91 /* FBDialog.m in Sources */ = {isa = PBXBuildFile; fileRef = 39E1402514C5F48500624D91 /* FBDialog.m */; settings = {COMPILER_FLAGS = "-fno-objc-arc"; }; };
		39E1402D14C5F48500624D91 /* FBLoginDialog.m in Sources */ = {isa = PBXBuildFile; fileRef = 39E1402714C5F48500624D91 /* FBLoginDialog.m */; settings = {COMPILER_FLAGS = "-fno-objc-arc"; }; };
		39E1402E14C5F48500624D91 /* FBRequest.m in Sources */ = {isa = PBXBuildFile; fileRef = 39E1402914C5F48500624D91 /* FBRequest.m */; settings = {COMPILER_FLAGS = "-fno-objc-arc"; }; };
		39E1403014C5F49800624D91 /* FBConnect.bundle in Resources */ = {isa = PBXBuildFile; fileRef = 39E1402F14C5F49800624D91 /* FBConnect.bundle */; };
		39E1403714C6041300624D91 /* PKFacebookConnectViewController.m in Sources */ = {isa = PBXBuildFile; fileRef = 39E1403614C6041200624D91 /* PKFacebookConnectViewController.m */; };
		39E456B214BCDBFC00123C1A /* Parse.framework in Frameworks */ = {isa = PBXBuildFile; fileRef = 39E456B114BCDBFC00123C1A /* Parse.framework */; };
		39E6654B14B130D100B5A1A3 /* UIKit.framework in Frameworks */ = {isa = PBXBuildFile; fileRef = 39E6654A14B130D100B5A1A3 /* UIKit.framework */; };
		39E6654D14B130D100B5A1A3 /* Foundation.framework in Frameworks */ = {isa = PBXBuildFile; fileRef = 39E6654C14B130D100B5A1A3 /* Foundation.framework */; };
		39E6654F14B130D100B5A1A3 /* CoreData.framework in Frameworks */ = {isa = PBXBuildFile; fileRef = 39E6654E14B130D100B5A1A3 /* CoreData.framework */; };
		39E6655514B130D100B5A1A3 /* InfoPlist.strings in Resources */ = {isa = PBXBuildFile; fileRef = 39E6655314B130D100B5A1A3 /* InfoPlist.strings */; };
		39E6655714B130D100B5A1A3 /* main.m in Sources */ = {isa = PBXBuildFile; fileRef = 39E6655614B130D100B5A1A3 /* main.m */; };
		39E6655B14B130D100B5A1A3 /* PKAppDelegate.m in Sources */ = {isa = PBXBuildFile; fileRef = 39E6655A14B130D100B5A1A3 /* PKAppDelegate.m */; };
		39E6655E14B130D100B5A1A3 /* MainStoryboard.storyboard in Resources */ = {isa = PBXBuildFile; fileRef = 39E6655C14B130D100B5A1A3 /* MainStoryboard.storyboard */; };
		39E6656114B130D100B5A1A3 /* Peekaboo.xcdatamodeld in Sources */ = {isa = PBXBuildFile; fileRef = 39E6655F14B130D100B5A1A3 /* Peekaboo.xcdatamodeld */; };
		39E6656414B130D100B5A1A3 /* PKMasterViewController.m in Sources */ = {isa = PBXBuildFile; fileRef = 39E6656314B130D100B5A1A3 /* PKMasterViewController.m */; };
		39E6656714B130D100B5A1A3 /* PKDetailViewController.m in Sources */ = {isa = PBXBuildFile; fileRef = 39E6656614B130D100B5A1A3 /* PKDetailViewController.m */; };
		39E6656F14B130D200B5A1A3 /* SenTestingKit.framework in Frameworks */ = {isa = PBXBuildFile; fileRef = 39E6656E14B130D200B5A1A3 /* SenTestingKit.framework */; };
		39E6657014B130D200B5A1A3 /* UIKit.framework in Frameworks */ = {isa = PBXBuildFile; fileRef = 39E6654A14B130D100B5A1A3 /* UIKit.framework */; };
		39E6657114B130D200B5A1A3 /* Foundation.framework in Frameworks */ = {isa = PBXBuildFile; fileRef = 39E6654C14B130D100B5A1A3 /* Foundation.framework */; };
		39E6657214B130D200B5A1A3 /* CoreData.framework in Frameworks */ = {isa = PBXBuildFile; fileRef = 39E6654E14B130D100B5A1A3 /* CoreData.framework */; };
		39E6657A14B130D200B5A1A3 /* InfoPlist.strings in Resources */ = {isa = PBXBuildFile; fileRef = 39E6657814B130D200B5A1A3 /* InfoPlist.strings */; };
		39E6657D14B130D200B5A1A3 /* PeekabooTests.m in Sources */ = {isa = PBXBuildFile; fileRef = 39E6657C14B130D200B5A1A3 /* PeekabooTests.m */; };
		39E6658E14B131EB00B5A1A3 /* AudioToolbox.framework in Frameworks */ = {isa = PBXBuildFile; fileRef = 39E6658D14B131EB00B5A1A3 /* AudioToolbox.framework */; };
		39E6659014B131F400B5A1A3 /* CFNetwork.framework in Frameworks */ = {isa = PBXBuildFile; fileRef = 39E6658F14B131F400B5A1A3 /* CFNetwork.framework */; };
		39E6659214B131F900B5A1A3 /* SystemConfiguration.framework in Frameworks */ = {isa = PBXBuildFile; fileRef = 39E6659114B131F900B5A1A3 /* SystemConfiguration.framework */; };
		39E6659414B131FF00B5A1A3 /* MobileCoreServices.framework in Frameworks */ = {isa = PBXBuildFile; fileRef = 39E6659314B131FF00B5A1A3 /* MobileCoreServices.framework */; };
		39E6659614B1320600B5A1A3 /* CoreGraphics.framework in Frameworks */ = {isa = PBXBuildFile; fileRef = 39E6659514B1320600B5A1A3 /* CoreGraphics.framework */; };
		39E6659814B1320D00B5A1A3 /* libz.1.1.3.dylib in Frameworks */ = {isa = PBXBuildFile; fileRef = 39E6659714B1320D00B5A1A3 /* libz.1.1.3.dylib */; };
		39E6659A14B1321000B5A1A3 /* Security.framework in Frameworks */ = {isa = PBXBuildFile; fileRef = 39E6659914B1321000B5A1A3 /* Security.framework */; };
		39E6659C14B1321500B5A1A3 /* QuartzCore.framework in Frameworks */ = {isa = PBXBuildFile; fileRef = 39E6659B14B1321500B5A1A3 /* QuartzCore.framework */; };
		39E665A414B1328200B5A1A3 /* AVCamCaptureManager.m in Sources */ = {isa = PBXBuildFile; fileRef = 39E6659F14B1328200B5A1A3 /* AVCamCaptureManager.m */; settings = {COMPILER_FLAGS = "-fno-objc-arc"; }; };
		39E665A514B1328200B5A1A3 /* AVCamRecorder.m in Sources */ = {isa = PBXBuildFile; fileRef = 39E665A114B1328200B5A1A3 /* AVCamRecorder.m */; };
		39E665A614B1328200B5A1A3 /* AVCamUtilities.m in Sources */ = {isa = PBXBuildFile; fileRef = 39E665A314B1328200B5A1A3 /* AVCamUtilities.m */; };
		39E665A814B1387200B5A1A3 /* AVFoundation.framework in Frameworks */ = {isa = PBXBuildFile; fileRef = 39E665A714B1387200B5A1A3 /* AVFoundation.framework */; };
		39E665AA14B1387A00B5A1A3 /* AssetsLibrary.framework in Frameworks */ = {isa = PBXBuildFile; fileRef = 39E665A914B1387A00B5A1A3 /* AssetsLibrary.framework */; };
		39E665AC14B1388100B5A1A3 /* CoreVideo.framework in Frameworks */ = {isa = PBXBuildFile; fileRef = 39E665AB14B1388100B5A1A3 /* CoreVideo.framework */; };
		39E665AE14B1388600B5A1A3 /* ImageIO.framework in Frameworks */ = {isa = PBXBuildFile; fileRef = 39E665AD14B1388600B5A1A3 /* ImageIO.framework */; };
		39E665B014B1389100B5A1A3 /* MediaPlayer.framework in Frameworks */ = {isa = PBXBuildFile; fileRef = 39E665AF14B1389100B5A1A3 /* MediaPlayer.framework */; };
		39E665B214B1389800B5A1A3 /* CoreMedia.framework in Frameworks */ = {isa = PBXBuildFile; fileRef = 39E665B114B1389800B5A1A3 /* CoreMedia.framework */; };
		39FC931214EAB78C00B10199 /* AsynchronousUIImage.m in Sources */ = {isa = PBXBuildFile; fileRef = 39FC931114EAB78C00B10199 /* AsynchronousUIImage.m */; settings = {COMPILER_FLAGS = "-fno-objc-arc"; }; };
		39FC931614EACAE000B10199 /* shadow.png in Resources */ = {isa = PBXBuildFile; fileRef = 39FC931414EACAE000B10199 /* shadow.png */; };
		39FC931714EACAE000B10199 /* shadow@2x.png in Resources */ = {isa = PBXBuildFile; fileRef = 39FC931514EACAE000B10199 /* shadow@2x.png */; };
		39FC931A14EACBEF00B10199 /* stack.png in Resources */ = {isa = PBXBuildFile; fileRef = 39FC931814EACBEF00B10199 /* stack.png */; };
		39FC931B14EACBEF00B10199 /* stack@2x.png in Resources */ = {isa = PBXBuildFile; fileRef = 39FC931914EACBEF00B10199 /* stack@2x.png */; };
/* End PBXBuildFile section */

/* Begin PBXContainerItemProxy section */
		39E6657314B130D200B5A1A3 /* PBXContainerItemProxy */ = {
			isa = PBXContainerItemProxy;
			containerPortal = 39E6653D14B130D000B5A1A3 /* Project object */;
			proxyType = 1;
			remoteGlobalIDString = 39E6654514B130D100B5A1A3;
			remoteInfo = Peekaboo;
		};
/* End PBXContainerItemProxy section */

/* Begin PBXFileReference section */
		3948E03D1501A34200C5BDA9 /* ZUUIRevealController.m */ = {isa = PBXFileReference; fileEncoding = 4; lastKnownFileType = sourcecode.c.objc; path = ZUUIRevealController.m; sourceTree = "<group>"; };
		3948E03E1501A34200C5BDA9 /* ZUUIRevealController.h */ = {isa = PBXFileReference; fileEncoding = 4; lastKnownFileType = sourcecode.c.h; path = ZUUIRevealController.h; sourceTree = "<group>"; };
		3948E0441501ADC300C5BDA9 /* PKSettingsViewController.h */ = {isa = PBXFileReference; fileEncoding = 4; lastKnownFileType = sourcecode.c.h; name = PKSettingsViewController.h; path = ../PKSettingsViewController.h; sourceTree = "<group>"; };
		3948E0451501ADC300C5BDA9 /* PKSettingsViewController.m */ = {isa = PBXFileReference; fileEncoding = 4; lastKnownFileType = sourcecode.c.objc; name = PKSettingsViewController.m; path = ../PKSettingsViewController.m; sourceTree = "<group>"; };
		394AE45414B56E7400A1367D /* ASIAuthenticationDialog.m */ = {isa = PBXFileReference; fileEncoding = 4; lastKnownFileType = sourcecode.c.objc; path = ASIAuthenticationDialog.m; sourceTree = "<group>"; };
		394AE45514B56E7400A1367D /* ASIDataCompressor.m */ = {isa = PBXFileReference; fileEncoding = 4; lastKnownFileType = sourcecode.c.objc; path = ASIDataCompressor.m; sourceTree = "<group>"; };
		394AE45614B56E7400A1367D /* ASIDataDecompressor.m */ = {isa = PBXFileReference; fileEncoding = 4; lastKnownFileType = sourcecode.c.objc; path = ASIDataDecompressor.m; sourceTree = "<group>"; };
		394AE45714B56E7400A1367D /* ASIDownloadCache.m */ = {isa = PBXFileReference; fileEncoding = 4; lastKnownFileType = sourcecode.c.objc; path = ASIDownloadCache.m; sourceTree = "<group>"; };
		394AE45814B56E7400A1367D /* ASIFormDataRequest.m */ = {isa = PBXFileReference; fileEncoding = 4; lastKnownFileType = sourcecode.c.objc; path = ASIFormDataRequest.m; sourceTree = "<group>"; };
		394AE45914B56E7400A1367D /* ASIHTTPRequest.m */ = {isa = PBXFileReference; fileEncoding = 4; lastKnownFileType = sourcecode.c.objc; path = ASIHTTPRequest.m; sourceTree = "<group>"; };
		394AE45A14B56E7400A1367D /* ASIInputStream.m */ = {isa = PBXFileReference; fileEncoding = 4; lastKnownFileType = sourcecode.c.objc; path = ASIInputStream.m; sourceTree = "<group>"; };
		394AE45B14B56E7400A1367D /* ASINetworkQueue.m */ = {isa = PBXFileReference; fileEncoding = 4; lastKnownFileType = sourcecode.c.objc; path = ASINetworkQueue.m; sourceTree = "<group>"; };
		394AE46414B56E7B00A1367D /* ASIAuthenticationDialog.h */ = {isa = PBXFileReference; fileEncoding = 4; lastKnownFileType = sourcecode.c.h; path = ASIAuthenticationDialog.h; sourceTree = "<group>"; };
		394AE46514B56E7B00A1367D /* ASICacheDelegate.h */ = {isa = PBXFileReference; fileEncoding = 4; lastKnownFileType = sourcecode.c.h; path = ASICacheDelegate.h; sourceTree = "<group>"; };
		394AE46614B56E7B00A1367D /* ASIDataCompressor.h */ = {isa = PBXFileReference; fileEncoding = 4; lastKnownFileType = sourcecode.c.h; path = ASIDataCompressor.h; sourceTree = "<group>"; };
		394AE46714B56E7B00A1367D /* ASIDataDecompressor.h */ = {isa = PBXFileReference; fileEncoding = 4; lastKnownFileType = sourcecode.c.h; path = ASIDataDecompressor.h; sourceTree = "<group>"; };
		394AE46814B56E7B00A1367D /* ASIDownloadCache.h */ = {isa = PBXFileReference; fileEncoding = 4; lastKnownFileType = sourcecode.c.h; path = ASIDownloadCache.h; sourceTree = "<group>"; };
		394AE46914B56E7B00A1367D /* ASIFormDataRequest.h */ = {isa = PBXFileReference; fileEncoding = 4; lastKnownFileType = sourcecode.c.h; path = ASIFormDataRequest.h; sourceTree = "<group>"; };
		394AE46A14B56E7B00A1367D /* ASIHTTPRequest.h */ = {isa = PBXFileReference; fileEncoding = 4; lastKnownFileType = sourcecode.c.h; path = ASIHTTPRequest.h; sourceTree = "<group>"; };
		394AE46B14B56E7B00A1367D /* ASIHTTPRequestConfig.h */ = {isa = PBXFileReference; fileEncoding = 4; lastKnownFileType = sourcecode.c.h; path = ASIHTTPRequestConfig.h; sourceTree = "<group>"; };
		394AE46C14B56E7B00A1367D /* ASIHTTPRequestDelegate.h */ = {isa = PBXFileReference; fileEncoding = 4; lastKnownFileType = sourcecode.c.h; path = ASIHTTPRequestDelegate.h; sourceTree = "<group>"; };
		394AE46D14B56E7B00A1367D /* ASIInputStream.h */ = {isa = PBXFileReference; fileEncoding = 4; lastKnownFileType = sourcecode.c.h; path = ASIInputStream.h; sourceTree = "<group>"; };
		394AE46E14B56E7B00A1367D /* ASINetworkQueue.h */ = {isa = PBXFileReference; fileEncoding = 4; lastKnownFileType = sourcecode.c.h; path = ASINetworkQueue.h; sourceTree = "<group>"; };
		394AE46F14B56E7B00A1367D /* ASIProgressDelegate.h */ = {isa = PBXFileReference; fileEncoding = 4; lastKnownFileType = sourcecode.c.h; path = ASIProgressDelegate.h; sourceTree = "<group>"; };
		394AE47F14B5808600A1367D /* Reachability.m */ = {isa = PBXFileReference; fileEncoding = 4; lastKnownFileType = sourcecode.c.objc; path = Reachability.m; sourceTree = "<group>"; };
		394AE48014B5808600A1367D /* Reachability.h */ = {isa = PBXFileReference; fileEncoding = 4; lastKnownFileType = sourcecode.c.h; path = Reachability.h; sourceTree = "<group>"; };
		394AE48614B63E9800A1367D /* SVProgressHUD.bundle */ = {isa = PBXFileReference; lastKnownFileType = "wrapper.plug-in"; name = SVProgressHUD.bundle; path = Peekaboo/SVProgressHUD.bundle; sourceTree = "<group>"; };
		394AE48914B63EAA00A1367D /* SVProgressHUD.m */ = {isa = PBXFileReference; fileEncoding = 4; lastKnownFileType = sourcecode.c.objc; path = SVProgressHUD.m; sourceTree = "<group>"; };
		394AE48A14B63EAA00A1367D /* SVProgressHUD.h */ = {isa = PBXFileReference; fileEncoding = 4; lastKnownFileType = sourcecode.c.h; path = SVProgressHUD.h; sourceTree = "<group>"; };
		394AE49214B64A7B00A1367D /* UIImage+ProportionalFill.h */ = {isa = PBXFileReference; fileEncoding = 4; lastKnownFileType = sourcecode.c.h; path = "UIImage+ProportionalFill.h"; sourceTree = "<group>"; };
		394AE49314B64A7B00A1367D /* UIImage+ProportionalFill.m */ = {isa = PBXFileReference; fileEncoding = 4; lastKnownFileType = sourcecode.c.objc; path = "UIImage+ProportionalFill.m"; sourceTree = "<group>"; };
		394AE49414B64A7B00A1367D /* UIImage+Tint.h */ = {isa = PBXFileReference; fileEncoding = 4; lastKnownFileType = sourcecode.c.h; path = "UIImage+Tint.h"; sourceTree = "<group>"; };
		394AE49514B64A7B00A1367D /* UIImage+Tint.m */ = {isa = PBXFileReference; fileEncoding = 4; lastKnownFileType = sourcecode.c.objc; path = "UIImage+Tint.m"; sourceTree = "<group>"; };
		394AE49A14B6541000A1367D /* NSObject+SBJson.m */ = {isa = PBXFileReference; fileEncoding = 4; lastKnownFileType = sourcecode.c.objc; path = "NSObject+SBJson.m"; sourceTree = "<group>"; };
		394AE49B14B6541000A1367D /* SBJsonParser.m */ = {isa = PBXFileReference; fileEncoding = 4; lastKnownFileType = sourcecode.c.objc; path = SBJsonParser.m; sourceTree = "<group>"; };
		394AE49C14B6541000A1367D /* SBJsonStreamParser.m */ = {isa = PBXFileReference; fileEncoding = 4; lastKnownFileType = sourcecode.c.objc; path = SBJsonStreamParser.m; sourceTree = "<group>"; };
		394AE49D14B6541000A1367D /* SBJsonStreamParserAccumulator.m */ = {isa = PBXFileReference; fileEncoding = 4; lastKnownFileType = sourcecode.c.objc; path = SBJsonStreamParserAccumulator.m; sourceTree = "<group>"; };
		394AE49E14B6541000A1367D /* SBJsonStreamParserAdapter.m */ = {isa = PBXFileReference; fileEncoding = 4; lastKnownFileType = sourcecode.c.objc; path = SBJsonStreamParserAdapter.m; sourceTree = "<group>"; };
		394AE49F14B6541000A1367D /* SBJsonStreamParserState.m */ = {isa = PBXFileReference; fileEncoding = 4; lastKnownFileType = sourcecode.c.objc; path = SBJsonStreamParserState.m; sourceTree = "<group>"; };
		394AE4A014B6541000A1367D /* SBJsonStreamWriter.m */ = {isa = PBXFileReference; fileEncoding = 4; lastKnownFileType = sourcecode.c.objc; path = SBJsonStreamWriter.m; sourceTree = "<group>"; };
		394AE4A114B6541000A1367D /* SBJsonStreamWriterAccumulator.m */ = {isa = PBXFileReference; fileEncoding = 4; lastKnownFileType = sourcecode.c.objc; path = SBJsonStreamWriterAccumulator.m; sourceTree = "<group>"; };
		394AE4A214B6541000A1367D /* SBJsonStreamWriterState.m */ = {isa = PBXFileReference; fileEncoding = 4; lastKnownFileType = sourcecode.c.objc; path = SBJsonStreamWriterState.m; sourceTree = "<group>"; };
		394AE4A314B6541000A1367D /* SBJsonTokeniser.m */ = {isa = PBXFileReference; fileEncoding = 4; lastKnownFileType = sourcecode.c.objc; path = SBJsonTokeniser.m; sourceTree = "<group>"; };
		394AE4A414B6541000A1367D /* SBJsonUTF8Stream.m */ = {isa = PBXFileReference; fileEncoding = 4; lastKnownFileType = sourcecode.c.objc; path = SBJsonUTF8Stream.m; sourceTree = "<group>"; };
		394AE4A514B6541000A1367D /* SBJsonWriter.m */ = {isa = PBXFileReference; fileEncoding = 4; lastKnownFileType = sourcecode.c.objc; path = SBJsonWriter.m; sourceTree = "<group>"; };
		394AE4A614B6541000A1367D /* NSObject+SBJson.h */ = {isa = PBXFileReference; fileEncoding = 4; lastKnownFileType = sourcecode.c.h; path = "NSObject+SBJson.h"; sourceTree = "<group>"; };
		394AE4A714B6541000A1367D /* SBJson.h */ = {isa = PBXFileReference; fileEncoding = 4; lastKnownFileType = sourcecode.c.h; path = SBJson.h; sourceTree = "<group>"; };
		394AE4A814B6541000A1367D /* SBJsonParser.h */ = {isa = PBXFileReference; fileEncoding = 4; lastKnownFileType = sourcecode.c.h; path = SBJsonParser.h; sourceTree = "<group>"; };
		394AE4A914B6541000A1367D /* SBJsonStreamParser.h */ = {isa = PBXFileReference; fileEncoding = 4; lastKnownFileType = sourcecode.c.h; path = SBJsonStreamParser.h; sourceTree = "<group>"; };
		394AE4AA14B6541000A1367D /* SBJsonStreamParserAccumulator.h */ = {isa = PBXFileReference; fileEncoding = 4; lastKnownFileType = sourcecode.c.h; path = SBJsonStreamParserAccumulator.h; sourceTree = "<group>"; };
		394AE4AB14B6541000A1367D /* SBJsonStreamParserAdapter.h */ = {isa = PBXFileReference; fileEncoding = 4; lastKnownFileType = sourcecode.c.h; path = SBJsonStreamParserAdapter.h; sourceTree = "<group>"; };
		394AE4AC14B6541000A1367D /* SBJsonStreamParserState.h */ = {isa = PBXFileReference; fileEncoding = 4; lastKnownFileType = sourcecode.c.h; path = SBJsonStreamParserState.h; sourceTree = "<group>"; };
		394AE4AD14B6541000A1367D /* SBJsonStreamWriter.h */ = {isa = PBXFileReference; fileEncoding = 4; lastKnownFileType = sourcecode.c.h; path = SBJsonStreamWriter.h; sourceTree = "<group>"; };
		394AE4AE14B6541000A1367D /* SBJsonStreamWriterAccumulator.h */ = {isa = PBXFileReference; fileEncoding = 4; lastKnownFileType = sourcecode.c.h; path = SBJsonStreamWriterAccumulator.h; sourceTree = "<group>"; };
		394AE4AF14B6541000A1367D /* SBJsonStreamWriterState.h */ = {isa = PBXFileReference; fileEncoding = 4; lastKnownFileType = sourcecode.c.h; path = SBJsonStreamWriterState.h; sourceTree = "<group>"; };
		394AE4B014B6541000A1367D /* SBJsonTokeniser.h */ = {isa = PBXFileReference; fileEncoding = 4; lastKnownFileType = sourcecode.c.h; path = SBJsonTokeniser.h; sourceTree = "<group>"; };
		394AE4B114B6541000A1367D /* SBJsonUTF8Stream.h */ = {isa = PBXFileReference; fileEncoding = 4; lastKnownFileType = sourcecode.c.h; path = SBJsonUTF8Stream.h; sourceTree = "<group>"; };
		394AE4B214B6541000A1367D /* SBJsonWriter.h */ = {isa = PBXFileReference; fileEncoding = 4; lastKnownFileType = sourcecode.c.h; path = SBJsonWriter.h; sourceTree = "<group>"; };
		394F69C514C253BF0034603D /* PersonViewController.m */ = {isa = PBXFileReference; fileEncoding = 4; lastKnownFileType = sourcecode.c.objc; path = PersonViewController.m; sourceTree = "<group>"; };
		39545B3E14DD1E630025411F /* PKPerson.h */ = {isa = PBXFileReference; fileEncoding = 4; lastKnownFileType = sourcecode.c.h; path = PKPerson.h; sourceTree = "<group>"; };
		39545B3F14DD1E630025411F /* PKPerson.m */ = {isa = PBXFileReference; fileEncoding = 4; lastKnownFileType = sourcecode.c.objc; path = PKPerson.m; sourceTree = "<group>"; };
		3958BCEB14D3A1FC00D03DB4 /* orangeTopBar.png */ = {isa = PBXFileReference; lastKnownFileType = image.png; path = orangeTopBar.png; sourceTree = "<group>"; };
		3958BCEC14D3A1FC00D03DB4 /* orangeTopBar@2x.png */ = {isa = PBXFileReference; lastKnownFileType = image.png; path = "orangeTopBar@2x.png"; sourceTree = "<group>"; };
		3958BCF114D3AEAF00D03DB4 /* PersonViewController.h */ = {isa = PBXFileReference; fileEncoding = 4; lastKnownFileType = sourcecode.c.h; path = PersonViewController.h; sourceTree = "<group>"; };
		3958BCF214D3B07000D03DB4 /* redTopBar.png */ = {isa = PBXFileReference; lastKnownFileType = image.png; path = redTopBar.png; sourceTree = "<group>"; };
		3958BCF314D3B07000D03DB4 /* redTopBar@2x.png */ = {isa = PBXFileReference; lastKnownFileType = image.png; path = "redTopBar@2x.png"; sourceTree = "<group>"; };
		3958BCF414D3B07000D03DB4 /* switchCameraButton.png */ = {isa = PBXFileReference; lastKnownFileType = image.png; path = switchCameraButton.png; sourceTree = "<group>"; };
		3988316614CD40F100B69275 /* BaseViewController.h */ = {isa = PBXFileReference; fileEncoding = 4; lastKnownFileType = sourcecode.c.h; path = BaseViewController.h; sourceTree = "<group>"; };
		3988316714CD40F100B69275 /* BaseViewController.m */ = {isa = PBXFileReference; fileEncoding = 4; lastKnownFileType = sourcecode.c.objc; path = BaseViewController.m; sourceTree = "<group>"; };
		3988316A14CD419900B69275 /* capture-button.png */ = {isa = PBXFileReference; lastKnownFileType = image.png; path = "capture-button.png"; sourceTree = "<group>"; };
		3988316B14CD419900B69275 /* capture-button@2x.png */ = {isa = PBXFileReference; lastKnownFileType = image.png; path = "capture-button@2x.png"; sourceTree = "<group>"; };
		3988316C14CD419900B69275 /* tab-explore.png */ = {isa = PBXFileReference; lastKnownFileType = image.png; path = "tab-explore.png"; sourceTree = "<group>"; };
		3988316D14CD419900B69275 /* tab-explore@2x.png */ = {isa = PBXFileReference; lastKnownFileType = image.png; path = "tab-explore@2x.png"; sourceTree = "<group>"; };
		3988316E14CD419900B69275 /* tab-friends.png */ = {isa = PBXFileReference; lastKnownFileType = image.png; path = "tab-friends.png"; sourceTree = "<group>"; };
		3988316F14CD419900B69275 /* tab-friends@2x.png */ = {isa = PBXFileReference; lastKnownFileType = image.png; path = "tab-friends@2x.png"; sourceTree = "<group>"; };
		3988317014CD419900B69275 /* tab-me.png */ = {isa = PBXFileReference; lastKnownFileType = image.png; path = "tab-me.png"; sourceTree = "<group>"; };
		3988317114CD419900B69275 /* tab-me@2x.png */ = {isa = PBXFileReference; lastKnownFileType = image.png; path = "tab-me@2x.png"; sourceTree = "<group>"; };
		3988317214CD419900B69275 /* tab-today.png */ = {isa = PBXFileReference; lastKnownFileType = image.png; path = "tab-today.png"; sourceTree = "<group>"; };
		3988317314CD419900B69275 /* tab-today@2x.png */ = {isa = PBXFileReference; lastKnownFileType = image.png; path = "tab-today@2x.png"; sourceTree = "<group>"; };
		3988317414CD419900B69275 /* app-icon-114.png */ = {isa = PBXFileReference; lastKnownFileType = image.png; path = "app-icon-114.png"; sourceTree = "<group>"; };
		3988318E14CD58AD00B69275 /* fabric-bg.png */ = {isa = PBXFileReference; lastKnownFileType = image.png; path = "fabric-bg.png"; sourceTree = "<group>"; };
		3988319014CD5EA200B69275 /* Default@2x.png */ = {isa = PBXFileReference; lastKnownFileType = image.png; path = "Default@2x.png"; sourceTree = "<group>"; };
		3988319214CD5EC700B69275 /* Default.png */ = {isa = PBXFileReference; lastKnownFileType = image.png; path = Default.png; sourceTree = "<group>"; };
		3988319A14CD635700B69275 /* facebookButton.png */ = {isa = PBXFileReference; lastKnownFileType = image.png; path = facebookButton.png; sourceTree = "<group>"; };
		3988319C14CD641D00B69275 /* facebookButton@2x.png */ = {isa = PBXFileReference; lastKnownFileType = image.png; path = "facebookButton@2x.png"; sourceTree = "<group>"; };
		3994407C14EF37FF0008C161 /* instructionDialog@2x.png */ = {isa = PBXFileReference; lastKnownFileType = image.png; path = "instructionDialog@2x.png"; sourceTree = "<group>"; };
		3994407F14EF444E0008C161 /* facebookLoginBg.png */ = {isa = PBXFileReference; lastKnownFileType = image.png; path = facebookLoginBg.png; sourceTree = "<group>"; };
		39C31F3814EAD1C50099A10C /* WETouchableView.h */ = {isa = PBXFileReference; fileEncoding = 4; lastKnownFileType = sourcecode.c.h; path = WETouchableView.h; sourceTree = "<group>"; };
		39C31F3914EAD1C50099A10C /* WETouchableView.m */ = {isa = PBXFileReference; fileEncoding = 4; lastKnownFileType = sourcecode.c.objc; path = WETouchableView.m; sourceTree = "<group>"; };
		39C31F3A14EAD1C50099A10C /* WEPopoverContainerView.h */ = {isa = PBXFileReference; fileEncoding = 4; lastKnownFileType = sourcecode.c.h; path = WEPopoverContainerView.h; sourceTree = "<group>"; };
		39C31F3B14EAD1C50099A10C /* WEPopoverContainerView.m */ = {isa = PBXFileReference; fileEncoding = 4; lastKnownFileType = sourcecode.c.objc; path = WEPopoverContainerView.m; sourceTree = "<group>"; };
		39C31F3C14EAD1C50099A10C /* WEPopoverController.h */ = {isa = PBXFileReference; fileEncoding = 4; lastKnownFileType = sourcecode.c.h; path = WEPopoverController.h; sourceTree = "<group>"; };
		39C31F3D14EAD1C50099A10C /* WEPopoverController.m */ = {isa = PBXFileReference; fileEncoding = 4; lastKnownFileType = sourcecode.c.objc; path = WEPopoverController.m; sourceTree = "<group>"; };
		39C31F3E14EAD1C50099A10C /* WEPopoverParentView.h */ = {isa = PBXFileReference; fileEncoding = 4; lastKnownFileType = sourcecode.c.h; path = WEPopoverParentView.h; sourceTree = "<group>"; };
		39C31F3F14EAD1C50099A10C /* UIBarButtonItem+WEPopover.h */ = {isa = PBXFileReference; fileEncoding = 4; lastKnownFileType = sourcecode.c.h; path = "UIBarButtonItem+WEPopover.h"; sourceTree = "<group>"; };
		39C31F4014EAD1C50099A10C /* UIBarButtonItem+WEPopover.m */ = {isa = PBXFileReference; fileEncoding = 4; lastKnownFileType = sourcecode.c.objc; path = "UIBarButtonItem+WEPopover.m"; sourceTree = "<group>"; };
		39C31F4514EAD2C50099A10C /* WEPopoverContentViewController.h */ = {isa = PBXFileReference; fileEncoding = 4; lastKnownFileType = sourcecode.c.h; path = WEPopoverContentViewController.h; sourceTree = "<group>"; };
		39C31F4614EAD2C50099A10C /* WEPopoverContentViewController.m */ = {isa = PBXFileReference; fileEncoding = 4; lastKnownFileType = sourcecode.c.objc; path = WEPopoverContentViewController.m; sourceTree = "<group>"; };
		39C31F4B14EAD4590099A10C /* popoverBg@2x.png */ = {isa = PBXFileReference; lastKnownFileType = image.png; path = "popoverBg@2x.png"; sourceTree = "<group>"; };
		39C31F4C14EAD4590099A10C /* popoverBg.png */ = {isa = PBXFileReference; lastKnownFileType = image.png; path = popoverBg.png; sourceTree = "<group>"; };
		39C31F4D14EAD4590099A10C /* popoverArrowUp@2x.png */ = {isa = PBXFileReference; lastKnownFileType = image.png; path = "popoverArrowUp@2x.png"; sourceTree = "<group>"; };
		39C31F4E14EAD4590099A10C /* popoverArrowUp.png */ = {isa = PBXFileReference; lastKnownFileType = image.png; path = popoverArrowUp.png; sourceTree = "<group>"; };
		39C31F4F14EAD4590099A10C /* popoverArrowRight@2x.png */ = {isa = PBXFileReference; lastKnownFileType = image.png; path = "popoverArrowRight@2x.png"; sourceTree = "<group>"; };
		39C31F5014EAD4590099A10C /* popoverArrowRight.png */ = {isa = PBXFileReference; lastKnownFileType = image.png; path = popoverArrowRight.png; sourceTree = "<group>"; };
		39C31F5114EAD4590099A10C /* popoverArrowLeft@2x.png */ = {isa = PBXFileReference; lastKnownFileType = image.png; path = "popoverArrowLeft@2x.png"; sourceTree = "<group>"; };
		39C31F5214EAD4590099A10C /* popoverArrowLeft.png */ = {isa = PBXFileReference; lastKnownFileType = image.png; path = popoverArrowLeft.png; sourceTree = "<group>"; };
		39C31F5314EAD4590099A10C /* popoverArrowDown@2x.png */ = {isa = PBXFileReference; lastKnownFileType = image.png; path = "popoverArrowDown@2x.png"; sourceTree = "<group>"; };
		39C31F5414EAD4590099A10C /* popoverArrowDown.png */ = {isa = PBXFileReference; lastKnownFileType = image.png; path = popoverArrowDown.png; sourceTree = "<group>"; };
		39C31F5F14EAD4600099A10C /* popoverBgSimple.png */ = {isa = PBXFileReference; lastKnownFileType = image.png; path = popoverBgSimple.png; sourceTree = "<group>"; };
		39C31F6014EAD4600099A10C /* popoverArrowUpSimple.png */ = {isa = PBXFileReference; lastKnownFileType = image.png; path = popoverArrowUpSimple.png; sourceTree = "<group>"; };
		39C31F6114EAD4600099A10C /* popoverArrowRightSimple.png */ = {isa = PBXFileReference; lastKnownFileType = image.png; path = popoverArrowRightSimple.png; sourceTree = "<group>"; };
		39C31F6214EAD4600099A10C /* popoverArrowLeftSimple.png */ = {isa = PBXFileReference; lastKnownFileType = image.png; path = popoverArrowLeftSimple.png; sourceTree = "<group>"; };
		39C31F6314EAD4600099A10C /* popoverArrowDownSimple.png */ = {isa = PBXFileReference; lastKnownFileType = image.png; path = popoverArrowDownSimple.png; sourceTree = "<group>"; };
		39CE53E615000B5C00F91D66 /* Icon-72.png */ = {isa = PBXFileReference; lastKnownFileType = image.png; path = "Icon-72.png"; sourceTree = "<group>"; };
		39CE53E715000B5C00F91D66 /* Icon-Small-50.png */ = {isa = PBXFileReference; lastKnownFileType = image.png; path = "Icon-Small-50.png"; sourceTree = "<group>"; };
		39CE53E815000B5C00F91D66 /* Icon-Small.png */ = {isa = PBXFileReference; lastKnownFileType = image.png; path = "Icon-Small.png"; sourceTree = "<group>"; };
		39CE53E915000B5C00F91D66 /* Icon-Small@2x.png */ = {isa = PBXFileReference; lastKnownFileType = image.png; path = "Icon-Small@2x.png"; sourceTree = "<group>"; };
		39CE53EA15000B5C00F91D66 /* Icon.png */ = {isa = PBXFileReference; lastKnownFileType = image.png; path = Icon.png; sourceTree = "<group>"; };
		39CE53EB15000B5C00F91D66 /* Icon@2x.png */ = {isa = PBXFileReference; lastKnownFileType = image.png; path = "Icon@2x.png"; sourceTree = "<group>"; };
		39CE53EC15000B5C00F91D66 /* iTunesArtwork.png */ = {isa = PBXFileReference; lastKnownFileType = image.png; path = iTunesArtwork.png; sourceTree = "<group>"; };
		39CE53F8150050BC00F91D66 /* PKTrainingViewController.m */ = {isa = PBXFileReference; fileEncoding = 4; lastKnownFileType = sourcecode.c.objc; path = PKTrainingViewController.m; sourceTree = "<group>"; };
		39CE53F9150050BC00F91D66 /* PKTrainingViewController.h */ = {isa = PBXFileReference; fileEncoding = 4; lastKnownFileType = sourcecode.c.h; path = PKTrainingViewController.h; sourceTree = "<group>"; };
		39CE53FC1500510000F91D66 /* CPAnimationSequence.m */ = {isa = PBXFileReference; fileEncoding = 4; lastKnownFileType = sourcecode.c.objc; path = CPAnimationSequence.m; sourceTree = "<group>"; };
		39CE53FD1500510000F91D66 /* CPAnimationStep.m */ = {isa = PBXFileReference; fileEncoding = 4; lastKnownFileType = sourcecode.c.objc; path = CPAnimationStep.m; sourceTree = "<group>"; };
		39CE53FE1500510000F91D66 /* CPAnimationSequence.h */ = {isa = PBXFileReference; fileEncoding = 4; lastKnownFileType = sourcecode.c.h; path = CPAnimationSequence.h; sourceTree = "<group>"; };
		39CE53FF1500510000F91D66 /* CPAnimationStep.h */ = {isa = PBXFileReference; fileEncoding = 4; lastKnownFileType = sourcecode.c.h; path = CPAnimationStep.h; sourceTree = "<group>"; };
		39CE54031500518800F91D66 /* Down_Head_3.png */ = {isa = PBXFileReference; lastKnownFileType = image.png; path = Down_Head_3.png; sourceTree = "<group>"; };
		39CE54041500518800F91D66 /* Head_Background.png */ = {isa = PBXFileReference; lastKnownFileType = image.png; path = Head_Background.png; sourceTree = "<group>"; };
		39CE54051500518800F91D66 /* Left_Head_3.png */ = {isa = PBXFileReference; lastKnownFileType = image.png; path = Left_Head_3.png; sourceTree = "<group>"; };
		39CE54061500518800F91D66 /* Right_Head_3.png */ = {isa = PBXFileReference; lastKnownFileType = image.png; path = Right_Head_3.png; sourceTree = "<group>"; };
		39CE54071500518800F91D66 /* Smile_Head_3.png */ = {isa = PBXFileReference; lastKnownFileType = image.png; path = Smile_Head_3.png; sourceTree = "<group>"; };
		39CE54081500518800F91D66 /* Straight_Head_3.png */ = {isa = PBXFileReference; lastKnownFileType = image.png; path = Straight_Head_3.png; sourceTree = "<group>"; };
		39CE54091500518800F91D66 /* Up_Head_3.png */ = {isa = PBXFileReference; lastKnownFileType = image.png; path = Up_Head_3.png; sourceTree = "<group>"; };
		39CE6A1214C3FE910073415A /* profileBackground.png */ = {isa = PBXFileReference; lastKnownFileType = image.png; path = profileBackground.png; sourceTree = "<group>"; };
		39E1402014C5F48500624D91 /* Facebook.h */ = {isa = PBXFileReference; fileEncoding = 4; lastKnownFileType = sourcecode.c.h; path = Facebook.h; sourceTree = "<group>"; };
		39E1402114C5F48500624D91 /* Facebook.m */ = {isa = PBXFileReference; fileEncoding = 4; lastKnownFileType = sourcecode.c.objc; path = Facebook.m; sourceTree = "<group>"; };
		39E1402214C5F48500624D91 /* FBConnect.h */ = {isa = PBXFileReference; fileEncoding = 4; lastKnownFileType = sourcecode.c.h; path = FBConnect.h; sourceTree = "<group>"; };
		39E1402314C5F48500624D91 /* FBDialog.bundle */ = {isa = PBXFileReference; lastKnownFileType = "wrapper.plug-in"; path = FBDialog.bundle; sourceTree = "<group>"; };
		39E1402414C5F48500624D91 /* FBDialog.h */ = {isa = PBXFileReference; fileEncoding = 4; lastKnownFileType = sourcecode.c.h; path = FBDialog.h; sourceTree = "<group>"; };
		39E1402514C5F48500624D91 /* FBDialog.m */ = {isa = PBXFileReference; fileEncoding = 4; lastKnownFileType = sourcecode.c.objc; path = FBDialog.m; sourceTree = "<group>"; };
		39E1402614C5F48500624D91 /* FBLoginDialog.h */ = {isa = PBXFileReference; fileEncoding = 4; lastKnownFileType = sourcecode.c.h; path = FBLoginDialog.h; sourceTree = "<group>"; };
		39E1402714C5F48500624D91 /* FBLoginDialog.m */ = {isa = PBXFileReference; fileEncoding = 4; lastKnownFileType = sourcecode.c.objc; path = FBLoginDialog.m; sourceTree = "<group>"; };
		39E1402814C5F48500624D91 /* FBRequest.h */ = {isa = PBXFileReference; fileEncoding = 4; lastKnownFileType = sourcecode.c.h; path = FBRequest.h; sourceTree = "<group>"; };
		39E1402914C5F48500624D91 /* FBRequest.m */ = {isa = PBXFileReference; fileEncoding = 4; lastKnownFileType = sourcecode.c.objc; path = FBRequest.m; sourceTree = "<group>"; };
		39E1402F14C5F49800624D91 /* FBConnect.bundle */ = {isa = PBXFileReference; lastKnownFileType = "wrapper.plug-in"; path = FBConnect.bundle; sourceTree = "<group>"; };
		39E1403514C6041200624D91 /* PKFacebookConnectViewController.h */ = {isa = PBXFileReference; fileEncoding = 4; lastKnownFileType = sourcecode.c.h; path = PKFacebookConnectViewController.h; sourceTree = "<group>"; };
		39E1403614C6041200624D91 /* PKFacebookConnectViewController.m */ = {isa = PBXFileReference; fileEncoding = 4; lastKnownFileType = sourcecode.c.objc; path = PKFacebookConnectViewController.m; sourceTree = "<group>"; };
		39E456B114BCDBFC00123C1A /* Parse.framework */ = {isa = PBXFileReference; lastKnownFileType = wrapper.framework; path = Parse.framework; sourceTree = "<group>"; };
		39E6654614B130D100B5A1A3 /* Peekaboo.app */ = {isa = PBXFileReference; explicitFileType = wrapper.application; includeInIndex = 0; path = Peekaboo.app; sourceTree = BUILT_PRODUCTS_DIR; };
		39E6654A14B130D100B5A1A3 /* UIKit.framework */ = {isa = PBXFileReference; lastKnownFileType = wrapper.framework; name = UIKit.framework; path = System/Library/Frameworks/UIKit.framework; sourceTree = SDKROOT; };
		39E6654C14B130D100B5A1A3 /* Foundation.framework */ = {isa = PBXFileReference; lastKnownFileType = wrapper.framework; name = Foundation.framework; path = System/Library/Frameworks/Foundation.framework; sourceTree = SDKROOT; };
		39E6654E14B130D100B5A1A3 /* CoreData.framework */ = {isa = PBXFileReference; lastKnownFileType = wrapper.framework; name = CoreData.framework; path = System/Library/Frameworks/CoreData.framework; sourceTree = SDKROOT; };
		39E6655214B130D100B5A1A3 /* Peekaboo-Info.plist */ = {isa = PBXFileReference; lastKnownFileType = text.plist.xml; path = "Peekaboo-Info.plist"; sourceTree = "<group>"; };
		39E6655414B130D100B5A1A3 /* en */ = {isa = PBXFileReference; lastKnownFileType = text.plist.strings; name = en; path = en.lproj/InfoPlist.strings; sourceTree = "<group>"; };
		39E6655614B130D100B5A1A3 /* main.m */ = {isa = PBXFileReference; lastKnownFileType = sourcecode.c.objc; path = main.m; sourceTree = "<group>"; };
		39E6655814B130D100B5A1A3 /* Peekaboo-Prefix.pch */ = {isa = PBXFileReference; lastKnownFileType = sourcecode.c.h; path = "Peekaboo-Prefix.pch"; sourceTree = "<group>"; };
		39E6655914B130D100B5A1A3 /* PKAppDelegate.h */ = {isa = PBXFileReference; lastKnownFileType = sourcecode.c.h; path = PKAppDelegate.h; sourceTree = "<group>"; };
		39E6655A14B130D100B5A1A3 /* PKAppDelegate.m */ = {isa = PBXFileReference; lastKnownFileType = sourcecode.c.objc; path = PKAppDelegate.m; sourceTree = "<group>"; };
		39E6655D14B130D100B5A1A3 /* en */ = {isa = PBXFileReference; lastKnownFileType = file.storyboard; name = en; path = en.lproj/MainStoryboard.storyboard; sourceTree = "<group>"; };
		39E6656014B130D100B5A1A3 /* Peekaboo.xcdatamodel */ = {isa = PBXFileReference; lastKnownFileType = wrapper.xcdatamodel; path = Peekaboo.xcdatamodel; sourceTree = "<group>"; };
		39E6656214B130D100B5A1A3 /* PKMasterViewController.h */ = {isa = PBXFileReference; lastKnownFileType = sourcecode.c.h; path = PKMasterViewController.h; sourceTree = "<group>"; };
		39E6656314B130D100B5A1A3 /* PKMasterViewController.m */ = {isa = PBXFileReference; lastKnownFileType = sourcecode.c.objc; path = PKMasterViewController.m; sourceTree = "<group>"; };
		39E6656514B130D100B5A1A3 /* PKDetailViewController.h */ = {isa = PBXFileReference; lastKnownFileType = sourcecode.c.h; path = PKDetailViewController.h; sourceTree = "<group>"; };
		39E6656614B130D100B5A1A3 /* PKDetailViewController.m */ = {isa = PBXFileReference; lastKnownFileType = sourcecode.c.objc; path = PKDetailViewController.m; sourceTree = "<group>"; };
		39E6656D14B130D200B5A1A3 /* PeekabooTests.octest */ = {isa = PBXFileReference; explicitFileType = wrapper.cfbundle; includeInIndex = 0; path = PeekabooTests.octest; sourceTree = BUILT_PRODUCTS_DIR; };
		39E6656E14B130D200B5A1A3 /* SenTestingKit.framework */ = {isa = PBXFileReference; lastKnownFileType = wrapper.framework; name = SenTestingKit.framework; path = Library/Frameworks/SenTestingKit.framework; sourceTree = DEVELOPER_DIR; };
		39E6657714B130D200B5A1A3 /* PeekabooTests-Info.plist */ = {isa = PBXFileReference; lastKnownFileType = text.plist.xml; path = "PeekabooTests-Info.plist"; sourceTree = "<group>"; };
		39E6657914B130D200B5A1A3 /* en */ = {isa = PBXFileReference; lastKnownFileType = text.plist.strings; name = en; path = en.lproj/InfoPlist.strings; sourceTree = "<group>"; };
		39E6657B14B130D200B5A1A3 /* PeekabooTests.h */ = {isa = PBXFileReference; lastKnownFileType = sourcecode.c.h; path = PeekabooTests.h; sourceTree = "<group>"; };
		39E6657C14B130D200B5A1A3 /* PeekabooTests.m */ = {isa = PBXFileReference; lastKnownFileType = sourcecode.c.objc; path = PeekabooTests.m; sourceTree = "<group>"; };
		39E6658D14B131EB00B5A1A3 /* AudioToolbox.framework */ = {isa = PBXFileReference; lastKnownFileType = wrapper.framework; name = AudioToolbox.framework; path = System/Library/Frameworks/AudioToolbox.framework; sourceTree = SDKROOT; };
		39E6658F14B131F400B5A1A3 /* CFNetwork.framework */ = {isa = PBXFileReference; lastKnownFileType = wrapper.framework; name = CFNetwork.framework; path = System/Library/Frameworks/CFNetwork.framework; sourceTree = SDKROOT; };
		39E6659114B131F900B5A1A3 /* SystemConfiguration.framework */ = {isa = PBXFileReference; lastKnownFileType = wrapper.framework; name = SystemConfiguration.framework; path = System/Library/Frameworks/SystemConfiguration.framework; sourceTree = SDKROOT; };
		39E6659314B131FF00B5A1A3 /* MobileCoreServices.framework */ = {isa = PBXFileReference; lastKnownFileType = wrapper.framework; name = MobileCoreServices.framework; path = System/Library/Frameworks/MobileCoreServices.framework; sourceTree = SDKROOT; };
		39E6659514B1320600B5A1A3 /* CoreGraphics.framework */ = {isa = PBXFileReference; lastKnownFileType = wrapper.framework; name = CoreGraphics.framework; path = System/Library/Frameworks/CoreGraphics.framework; sourceTree = SDKROOT; };
		39E6659714B1320D00B5A1A3 /* libz.1.1.3.dylib */ = {isa = PBXFileReference; lastKnownFileType = "compiled.mach-o.dylib"; name = libz.1.1.3.dylib; path = usr/lib/libz.1.1.3.dylib; sourceTree = SDKROOT; };
		39E6659914B1321000B5A1A3 /* Security.framework */ = {isa = PBXFileReference; lastKnownFileType = wrapper.framework; name = Security.framework; path = System/Library/Frameworks/Security.framework; sourceTree = SDKROOT; };
		39E6659B14B1321500B5A1A3 /* QuartzCore.framework */ = {isa = PBXFileReference; lastKnownFileType = wrapper.framework; name = QuartzCore.framework; path = System/Library/Frameworks/QuartzCore.framework; sourceTree = SDKROOT; };
		39E6659E14B1328200B5A1A3 /* AVCamCaptureManager.h */ = {isa = PBXFileReference; fileEncoding = 4; lastKnownFileType = sourcecode.c.h; path = AVCamCaptureManager.h; sourceTree = "<group>"; };
		39E6659F14B1328200B5A1A3 /* AVCamCaptureManager.m */ = {isa = PBXFileReference; fileEncoding = 4; lastKnownFileType = sourcecode.c.objc; path = AVCamCaptureManager.m; sourceTree = "<group>"; };
		39E665A014B1328200B5A1A3 /* AVCamRecorder.h */ = {isa = PBXFileReference; fileEncoding = 4; lastKnownFileType = sourcecode.c.h; path = AVCamRecorder.h; sourceTree = "<group>"; };
		39E665A114B1328200B5A1A3 /* AVCamRecorder.m */ = {isa = PBXFileReference; fileEncoding = 4; lastKnownFileType = sourcecode.c.objc; path = AVCamRecorder.m; sourceTree = "<group>"; };
		39E665A214B1328200B5A1A3 /* AVCamUtilities.h */ = {isa = PBXFileReference; fileEncoding = 4; lastKnownFileType = sourcecode.c.h; path = AVCamUtilities.h; sourceTree = "<group>"; };
		39E665A314B1328200B5A1A3 /* AVCamUtilities.m */ = {isa = PBXFileReference; fileEncoding = 4; lastKnownFileType = sourcecode.c.objc; path = AVCamUtilities.m; sourceTree = "<group>"; };
		39E665A714B1387200B5A1A3 /* AVFoundation.framework */ = {isa = PBXFileReference; lastKnownFileType = wrapper.framework; name = AVFoundation.framework; path = System/Library/Frameworks/AVFoundation.framework; sourceTree = SDKROOT; };
		39E665A914B1387A00B5A1A3 /* AssetsLibrary.framework */ = {isa = PBXFileReference; lastKnownFileType = wrapper.framework; name = AssetsLibrary.framework; path = System/Library/Frameworks/AssetsLibrary.framework; sourceTree = SDKROOT; };
		39E665AB14B1388100B5A1A3 /* CoreVideo.framework */ = {isa = PBXFileReference; lastKnownFileType = wrapper.framework; name = CoreVideo.framework; path = System/Library/Frameworks/CoreVideo.framework; sourceTree = SDKROOT; };
		39E665AD14B1388600B5A1A3 /* ImageIO.framework */ = {isa = PBXFileReference; lastKnownFileType = wrapper.framework; name = ImageIO.framework; path = System/Library/Frameworks/ImageIO.framework; sourceTree = SDKROOT; };
		39E665AF14B1389100B5A1A3 /* MediaPlayer.framework */ = {isa = PBXFileReference; lastKnownFileType = wrapper.framework; name = MediaPlayer.framework; path = System/Library/Frameworks/MediaPlayer.framework; sourceTree = SDKROOT; };
		39E665B114B1389800B5A1A3 /* CoreMedia.framework */ = {isa = PBXFileReference; lastKnownFileType = wrapper.framework; name = CoreMedia.framework; path = System/Library/Frameworks/CoreMedia.framework; sourceTree = SDKROOT; };
		39FC931014EAB78C00B10199 /* AsynchronousUIImage.h */ = {isa = PBXFileReference; fileEncoding = 4; lastKnownFileType = sourcecode.c.h; path = AsynchronousUIImage.h; sourceTree = "<group>"; };
		39FC931114EAB78C00B10199 /* AsynchronousUIImage.m */ = {isa = PBXFileReference; fileEncoding = 4; lastKnownFileType = sourcecode.c.objc; path = AsynchronousUIImage.m; sourceTree = "<group>"; };
		39FC931414EACAE000B10199 /* shadow.png */ = {isa = PBXFileReference; lastKnownFileType = image.png; path = shadow.png; sourceTree = "<group>"; };
		39FC931514EACAE000B10199 /* shadow@2x.png */ = {isa = PBXFileReference; lastKnownFileType = image.png; path = "shadow@2x.png"; sourceTree = "<group>"; };
		39FC931814EACBEF00B10199 /* stack.png */ = {isa = PBXFileReference; lastKnownFileType = image.png; path = stack.png; sourceTree = "<group>"; };
		39FC931914EACBEF00B10199 /* stack@2x.png */ = {isa = PBXFileReference; lastKnownFileType = image.png; path = "stack@2x.png"; sourceTree = "<group>"; };
/* End PBXFileReference section */

/* Begin PBXFrameworksBuildPhase section */
		39E6654314B130D100B5A1A3 /* Frameworks */ = {
			isa = PBXFrameworksBuildPhase;
			buildActionMask = 2147483647;
			files = (
				39E665B214B1389800B5A1A3 /* CoreMedia.framework in Frameworks */,
				39E665B014B1389100B5A1A3 /* MediaPlayer.framework in Frameworks */,
				39E665AE14B1388600B5A1A3 /* ImageIO.framework in Frameworks */,
				39E665AC14B1388100B5A1A3 /* CoreVideo.framework in Frameworks */,
				39E665AA14B1387A00B5A1A3 /* AssetsLibrary.framework in Frameworks */,
				39E665A814B1387200B5A1A3 /* AVFoundation.framework in Frameworks */,
				39E6659C14B1321500B5A1A3 /* QuartzCore.framework in Frameworks */,
				39E6659A14B1321000B5A1A3 /* Security.framework in Frameworks */,
				39E6659814B1320D00B5A1A3 /* libz.1.1.3.dylib in Frameworks */,
				39E6659614B1320600B5A1A3 /* CoreGraphics.framework in Frameworks */,
				39E6659414B131FF00B5A1A3 /* MobileCoreServices.framework in Frameworks */,
				39E6659214B131F900B5A1A3 /* SystemConfiguration.framework in Frameworks */,
				39E6659014B131F400B5A1A3 /* CFNetwork.framework in Frameworks */,
				39E6658E14B131EB00B5A1A3 /* AudioToolbox.framework in Frameworks */,
				39E6654B14B130D100B5A1A3 /* UIKit.framework in Frameworks */,
				39E6654D14B130D100B5A1A3 /* Foundation.framework in Frameworks */,
				39E6654F14B130D100B5A1A3 /* CoreData.framework in Frameworks */,
				39E456B214BCDBFC00123C1A /* Parse.framework in Frameworks */,
			);
			runOnlyForDeploymentPostprocessing = 0;
		};
		39E6656914B130D200B5A1A3 /* Frameworks */ = {
			isa = PBXFrameworksBuildPhase;
			buildActionMask = 2147483647;
			files = (
				39E6656F14B130D200B5A1A3 /* SenTestingKit.framework in Frameworks */,
				39E6657014B130D200B5A1A3 /* UIKit.framework in Frameworks */,
				39E6657114B130D200B5A1A3 /* Foundation.framework in Frameworks */,
				39E6657214B130D200B5A1A3 /* CoreData.framework in Frameworks */,
			);
			runOnlyForDeploymentPostprocessing = 0;
		};
/* End PBXFrameworksBuildPhase section */

/* Begin PBXGroup section */
		3948E03B1501A32E00C5BDA9 /* ZUUIRevealController */ = {
			isa = PBXGroup;
			children = (
				3948E03D1501A34200C5BDA9 /* ZUUIRevealController.m */,
				3948E03E1501A34200C5BDA9 /* ZUUIRevealController.h */,
			);
			name = ZUUIRevealController;
			sourceTree = "<group>";
		};
		394AE45214B56E5F00A1367D /* ASIHTTPRequest */ = {
			isa = PBXGroup;
			children = (
				394AE47F14B5808600A1367D /* Reachability.m */,
				394AE48014B5808600A1367D /* Reachability.h */,
				394AE45414B56E7400A1367D /* ASIAuthenticationDialog.m */,
				394AE45514B56E7400A1367D /* ASIDataCompressor.m */,
				394AE45614B56E7400A1367D /* ASIDataDecompressor.m */,
				394AE45714B56E7400A1367D /* ASIDownloadCache.m */,
				394AE45814B56E7400A1367D /* ASIFormDataRequest.m */,
				394AE45914B56E7400A1367D /* ASIHTTPRequest.m */,
				394AE45A14B56E7400A1367D /* ASIInputStream.m */,
				394AE45B14B56E7400A1367D /* ASINetworkQueue.m */,
				394AE46414B56E7B00A1367D /* ASIAuthenticationDialog.h */,
				394AE46514B56E7B00A1367D /* ASICacheDelegate.h */,
				394AE46614B56E7B00A1367D /* ASIDataCompressor.h */,
				394AE46714B56E7B00A1367D /* ASIDataDecompressor.h */,
				394AE46814B56E7B00A1367D /* ASIDownloadCache.h */,
				394AE46914B56E7B00A1367D /* ASIFormDataRequest.h */,
				394AE46A14B56E7B00A1367D /* ASIHTTPRequest.h */,
				394AE46B14B56E7B00A1367D /* ASIHTTPRequestConfig.h */,
				394AE46C14B56E7B00A1367D /* ASIHTTPRequestDelegate.h */,
				394AE46D14B56E7B00A1367D /* ASIInputStream.h */,
				394AE46E14B56E7B00A1367D /* ASINetworkQueue.h */,
				394AE46F14B56E7B00A1367D /* ASIProgressDelegate.h */,
			);
			name = ASIHTTPRequest;
			sourceTree = "<group>";
		};
		394AE48C14B63EAF00A1367D /* SVProgressHUD */ = {
			isa = PBXGroup;
			children = (
				394AE48914B63EAA00A1367D /* SVProgressHUD.m */,
				394AE48A14B63EAA00A1367D /* SVProgressHUD.h */,
			);
			name = SVProgressHUD;
			sourceTree = "<group>";
		};
		394AE49814B64A7F00A1367D /* UIImageUtilities */ = {
			isa = PBXGroup;
			children = (
				394AE49214B64A7B00A1367D /* UIImage+ProportionalFill.h */,
				394AE49314B64A7B00A1367D /* UIImage+ProportionalFill.m */,
				394AE49414B64A7B00A1367D /* UIImage+Tint.h */,
				394AE49514B64A7B00A1367D /* UIImage+Tint.m */,
			);
			name = UIImageUtilities;
			sourceTree = "<group>";
		};
		394AE49914B653F800A1367D /* SBJSON */ = {
			isa = PBXGroup;
			children = (
				394AE49A14B6541000A1367D /* NSObject+SBJson.m */,
				394AE49B14B6541000A1367D /* SBJsonParser.m */,
				394AE49C14B6541000A1367D /* SBJsonStreamParser.m */,
				394AE49D14B6541000A1367D /* SBJsonStreamParserAccumulator.m */,
				394AE49E14B6541000A1367D /* SBJsonStreamParserAdapter.m */,
				394AE49F14B6541000A1367D /* SBJsonStreamParserState.m */,
				394AE4A014B6541000A1367D /* SBJsonStreamWriter.m */,
				394AE4A114B6541000A1367D /* SBJsonStreamWriterAccumulator.m */,
				394AE4A214B6541000A1367D /* SBJsonStreamWriterState.m */,
				394AE4A314B6541000A1367D /* SBJsonTokeniser.m */,
				394AE4A414B6541000A1367D /* SBJsonUTF8Stream.m */,
				394AE4A514B6541000A1367D /* SBJsonWriter.m */,
				394AE4A614B6541000A1367D /* NSObject+SBJson.h */,
				394AE4A714B6541000A1367D /* SBJson.h */,
				394AE4A814B6541000A1367D /* SBJsonParser.h */,
				394AE4A914B6541000A1367D /* SBJsonStreamParser.h */,
				394AE4AA14B6541000A1367D /* SBJsonStreamParserAccumulator.h */,
				394AE4AB14B6541000A1367D /* SBJsonStreamParserAdapter.h */,
				394AE4AC14B6541000A1367D /* SBJsonStreamParserState.h */,
				394AE4AD14B6541000A1367D /* SBJsonStreamWriter.h */,
				394AE4AE14B6541000A1367D /* SBJsonStreamWriterAccumulator.h */,
				394AE4AF14B6541000A1367D /* SBJsonStreamWriterState.h */,
				394AE4B014B6541000A1367D /* SBJsonTokeniser.h */,
				394AE4B114B6541000A1367D /* SBJsonUTF8Stream.h */,
				394AE4B214B6541000A1367D /* SBJsonWriter.h */,
			);
			name = SBJSON;
			sourceTree = "<group>";
		};
		3988315114CD3C7500B69275 /* App Icons */ = {
			isa = PBXGroup;
			children = (
				3988319214CD5EC700B69275 /* Default.png */,
				39CE53E615000B5C00F91D66 /* Icon-72.png */,
				39CE53E715000B5C00F91D66 /* Icon-Small-50.png */,
				39CE53E815000B5C00F91D66 /* Icon-Small.png */,
				39CE53E915000B5C00F91D66 /* Icon-Small@2x.png */,
				39CE53EA15000B5C00F91D66 /* Icon.png */,
				39CE53EB15000B5C00F91D66 /* Icon@2x.png */,
				39CE53EC15000B5C00F91D66 /* iTunesArtwork.png */,
				3988319014CD5EA200B69275 /* Default@2x.png */,
			);
			name = "App Icons";
			sourceTree = "<group>";
		};
		3988316514CD40DB00B69275 /* CustomTabControllers */ = {
			isa = PBXGroup;
			children = (
				3988316614CD40F100B69275 /* BaseViewController.h */,
				3988316714CD40F100B69275 /* BaseViewController.m */,
			);
			name = CustomTabControllers;
			sourceTree = "<group>";
		};
		3988316914CD418600B69275 /* Custom Tab Bar Images */ = {
			isa = PBXGroup;
			children = (
				3988316A14CD419900B69275 /* capture-button.png */,
				3988316B14CD419900B69275 /* capture-button@2x.png */,
				3988316C14CD419900B69275 /* tab-explore.png */,
				3988316D14CD419900B69275 /* tab-explore@2x.png */,
				3988316E14CD419900B69275 /* tab-friends.png */,
				3988316F14CD419900B69275 /* tab-friends@2x.png */,
				3988317014CD419900B69275 /* tab-me.png */,
				3988317114CD419900B69275 /* tab-me@2x.png */,
				3988317214CD419900B69275 /* tab-today.png */,
				3988317314CD419900B69275 /* tab-today@2x.png */,
				3988317414CD419900B69275 /* app-icon-114.png */,
			);
			name = "Custom Tab Bar Images";
			sourceTree = "<group>";
		};
		39C31F3614EAD1B50099A10C /* WEPopover */ = {
			isa = PBXGroup;
			children = (
				39C31F3814EAD1C50099A10C /* WETouchableView.h */,
				39C31F3914EAD1C50099A10C /* WETouchableView.m */,
				39C31F3A14EAD1C50099A10C /* WEPopoverContainerView.h */,
				39C31F3B14EAD1C50099A10C /* WEPopoverContainerView.m */,
				39C31F3C14EAD1C50099A10C /* WEPopoverController.h */,
				39C31F3D14EAD1C50099A10C /* WEPopoverController.m */,
				39C31F3E14EAD1C50099A10C /* WEPopoverParentView.h */,
				39C31F3F14EAD1C50099A10C /* UIBarButtonItem+WEPopover.h */,
				39C31F4014EAD1C50099A10C /* UIBarButtonItem+WEPopover.m */,
			);
			name = WEPopover;
			sourceTree = "<group>";
		};
		39C31F4814EAD43E0099A10C /* WEPopover Images */ = {
			isa = PBXGroup;
			children = (
				39CE54021500516400F91D66 /* Round Heads */,
				39C31F4A14EAD44D0099A10C /* Simple */,
				39C31F4914EAD4450099A10C /* Improved */,
			);
			name = "WEPopover Images";
			sourceTree = "<group>";
		};
		39C31F4914EAD4450099A10C /* Improved */ = {
			isa = PBXGroup;
			children = (
				39C31F4B14EAD4590099A10C /* popoverBg@2x.png */,
				39C31F4C14EAD4590099A10C /* popoverBg.png */,
				39C31F4D14EAD4590099A10C /* popoverArrowUp@2x.png */,
				39C31F4E14EAD4590099A10C /* popoverArrowUp.png */,
				39C31F4F14EAD4590099A10C /* popoverArrowRight@2x.png */,
				39C31F5014EAD4590099A10C /* popoverArrowRight.png */,
				39C31F5114EAD4590099A10C /* popoverArrowLeft@2x.png */,
				39C31F5214EAD4590099A10C /* popoverArrowLeft.png */,
				39C31F5314EAD4590099A10C /* popoverArrowDown@2x.png */,
				39C31F5414EAD4590099A10C /* popoverArrowDown.png */,
			);
			name = Improved;
			sourceTree = "<group>";
		};
		39C31F4A14EAD44D0099A10C /* Simple */ = {
			isa = PBXGroup;
			children = (
				39C31F5F14EAD4600099A10C /* popoverBgSimple.png */,
				39C31F6014EAD4600099A10C /* popoverArrowUpSimple.png */,
				39C31F6114EAD4600099A10C /* popoverArrowRightSimple.png */,
				39C31F6214EAD4600099A10C /* popoverArrowLeftSimple.png */,
				39C31F6314EAD4600099A10C /* popoverArrowDownSimple.png */,
			);
			name = Simple;
			sourceTree = "<group>";
		};
		39CE53FB150050EE00F91D66 /* CPAnimationQueue */ = {
			isa = PBXGroup;
			children = (
				39CE53FC1500510000F91D66 /* CPAnimationSequence.m */,
				39CE53FD1500510000F91D66 /* CPAnimationStep.m */,
				39CE53FE1500510000F91D66 /* CPAnimationSequence.h */,
				39CE53FF1500510000F91D66 /* CPAnimationStep.h */,
			);
			name = CPAnimationQueue;
			sourceTree = "<group>";
		};
		39CE54021500516400F91D66 /* Round Heads */ = {
			isa = PBXGroup;
			children = (
				39CE54031500518800F91D66 /* Down_Head_3.png */,
				39CE54041500518800F91D66 /* Head_Background.png */,
				39CE54051500518800F91D66 /* Left_Head_3.png */,
				39CE54061500518800F91D66 /* Right_Head_3.png */,
				39CE54071500518800F91D66 /* Smile_Head_3.png */,
				39CE54081500518800F91D66 /* Straight_Head_3.png */,
				39CE54091500518800F91D66 /* Up_Head_3.png */,
			);
			name = "Round Heads";
			sourceTree = "<group>";
		};
		39E1401E14C5F47700624D91 /* FBConnect */ = {
			isa = PBXGroup;
			children = (
				39E1402014C5F48500624D91 /* Facebook.h */,
				39E1402114C5F48500624D91 /* Facebook.m */,
				39E1402214C5F48500624D91 /* FBConnect.h */,
				39E1402314C5F48500624D91 /* FBDialog.bundle */,
				39E1402414C5F48500624D91 /* FBDialog.h */,
				39E1402514C5F48500624D91 /* FBDialog.m */,
				39E1402614C5F48500624D91 /* FBLoginDialog.h */,
				39E1402714C5F48500624D91 /* FBLoginDialog.m */,
				39E1402814C5F48500624D91 /* FBRequest.h */,
				39E1402914C5F48500624D91 /* FBRequest.m */,
				39E1402F14C5F49800624D91 /* FBConnect.bundle */,
			);
			name = FBConnect;
			sourceTree = "<group>";
		};
		39E6653B14B130D000B5A1A3 = {
			isa = PBXGroup;
			children = (
				39E6655014B130D100B5A1A3 /* Peekaboo */,
				39E6657514B130D200B5A1A3 /* PeekabooTests */,
				39E6654914B130D100B5A1A3 /* Frameworks */,
				39E6654714B130D100B5A1A3 /* Products */,
			);
			sourceTree = "<group>";
		};
		39E6654714B130D100B5A1A3 /* Products */ = {
			isa = PBXGroup;
			children = (
				39E6654614B130D100B5A1A3 /* Peekaboo.app */,
				39E6656D14B130D200B5A1A3 /* PeekabooTests.octest */,
			);
			name = Products;
			sourceTree = "<group>";
		};
		39E6654914B130D100B5A1A3 /* Frameworks */ = {
			isa = PBXGroup;
			children = (
				39E456B114BCDBFC00123C1A /* Parse.framework */,
				394AE48614B63E9800A1367D /* SVProgressHUD.bundle */,
				39E665B114B1389800B5A1A3 /* CoreMedia.framework */,
				39E665AF14B1389100B5A1A3 /* MediaPlayer.framework */,
				39E665AD14B1388600B5A1A3 /* ImageIO.framework */,
				39E665AB14B1388100B5A1A3 /* CoreVideo.framework */,
				39E665A914B1387A00B5A1A3 /* AssetsLibrary.framework */,
				39E665A714B1387200B5A1A3 /* AVFoundation.framework */,
				39E6659B14B1321500B5A1A3 /* QuartzCore.framework */,
				39E6659914B1321000B5A1A3 /* Security.framework */,
				39E6659714B1320D00B5A1A3 /* libz.1.1.3.dylib */,
				39E6659514B1320600B5A1A3 /* CoreGraphics.framework */,
				39E6659314B131FF00B5A1A3 /* MobileCoreServices.framework */,
				39E6659114B131F900B5A1A3 /* SystemConfiguration.framework */,
				39E6658F14B131F400B5A1A3 /* CFNetwork.framework */,
				39E6658D14B131EB00B5A1A3 /* AudioToolbox.framework */,
				39E6654A14B130D100B5A1A3 /* UIKit.framework */,
				39E6654C14B130D100B5A1A3 /* Foundation.framework */,
				39E6654E14B130D100B5A1A3 /* CoreData.framework */,
				39E6656E14B130D200B5A1A3 /* SenTestingKit.framework */,
			);
			name = Frameworks;
			sourceTree = "<group>";
		};
		39E6655014B130D100B5A1A3 /* Peekaboo */ = {
			isa = PBXGroup;
			children = (
				3948E03B1501A32E00C5BDA9 /* ZUUIRevealController */,
				39CE53FB150050EE00F91D66 /* CPAnimationQueue */,
				39C31F3614EAD1B50099A10C /* WEPopover */,
				39ED080E14DE5AA100D6E34A /* AsyncImageView */,
				3988316514CD40DB00B69275 /* CustomTabControllers */,
				3988315114CD3C7500B69275 /* App Icons */,
				39E1401E14C5F47700624D91 /* FBConnect */,
				394AE49914B653F800A1367D /* SBJSON */,
				394AE49814B64A7F00A1367D /* UIImageUtilities */,
				394AE48C14B63EAF00A1367D /* SVProgressHUD */,
				394AE45214B56E5F00A1367D /* ASIHTTPRequest */,
				39E6659D14B1327100B5A1A3 /* AV Utilities */,
				39E6655914B130D100B5A1A3 /* PKAppDelegate.h */,
				39E6655A14B130D100B5A1A3 /* PKAppDelegate.m */,
				39CE53F9150050BC00F91D66 /* PKTrainingViewController.h */,
				39CE53F8150050BC00F91D66 /* PKTrainingViewController.m */,
				39E1403514C6041200624D91 /* PKFacebookConnectViewController.h */,
				39E1403614C6041200624D91 /* PKFacebookConnectViewController.m */,
				39E6655C14B130D100B5A1A3 /* MainStoryboard.storyboard */,
				39E6656214B130D100B5A1A3 /* PKMasterViewController.h */,
				39E6656314B130D100B5A1A3 /* PKMasterViewController.m */,
				39E6656514B130D100B5A1A3 /* PKDetailViewController.h */,
				39E6656614B130D100B5A1A3 /* PKDetailViewController.m */,
				3958BCF114D3AEAF00D03DB4 /* PersonViewController.h */,
				394F69C514C253BF0034603D /* PersonViewController.m */,
				3948E0441501ADC300C5BDA9 /* PKSettingsViewController.h */,
				3948E0451501ADC300C5BDA9 /* PKSettingsViewController.m */,
				39E6655F14B130D100B5A1A3 /* Peekaboo.xcdatamodeld */,
				39545B3E14DD1E630025411F /* PKPerson.h */,
				39545B3F14DD1E630025411F /* PKPerson.m */,
				39C31F4514EAD2C50099A10C /* WEPopoverContentViewController.h */,
				39C31F4614EAD2C50099A10C /* WEPopoverContentViewController.m */,
				39E6655114B130D100B5A1A3 /* Supporting Files */,
			);
			path = Peekaboo;
			sourceTree = "<group>";
		};
		39E6655114B130D100B5A1A3 /* Supporting Files */ = {
			isa = PBXGroup;
			children = (
				3994407F14EF444E0008C161 /* facebookLoginBg.png */,
				3994407C14EF37FF0008C161 /* instructionDialog@2x.png */,
				39C31F4814EAD43E0099A10C /* WEPopover Images */,
				39FC931814EACBEF00B10199 /* stack.png */,
				39FC931914EACBEF00B10199 /* stack@2x.png */,
				39FC931414EACAE000B10199 /* shadow.png */,
				39FC931514EACAE000B10199 /* shadow@2x.png */,
				3958BCF214D3B07000D03DB4 /* redTopBar.png */,
				3958BCF314D3B07000D03DB4 /* redTopBar@2x.png */,
				3958BCF414D3B07000D03DB4 /* switchCameraButton.png */,
				3958BCEB14D3A1FC00D03DB4 /* orangeTopBar.png */,
				3958BCEC14D3A1FC00D03DB4 /* orangeTopBar@2x.png */,
				3988316914CD418600B69275 /* Custom Tab Bar Images */,
				39CE6A1214C3FE910073415A /* profileBackground.png */,
				3988319A14CD635700B69275 /* facebookButton.png */,
				3988319C14CD641D00B69275 /* facebookButton@2x.png */,
				3988318E14CD58AD00B69275 /* fabric-bg.png */,
				39E6655214B130D100B5A1A3 /* Peekaboo-Info.plist */,
				39E6655314B130D100B5A1A3 /* InfoPlist.strings */,
				39E6655614B130D100B5A1A3 /* main.m */,
				39E6655814B130D100B5A1A3 /* Peekaboo-Prefix.pch */,
			);
			name = "Supporting Files";
			sourceTree = "<group>";
		};
		39E6657514B130D200B5A1A3 /* PeekabooTests */ = {
			isa = PBXGroup;
			children = (
				39E6657B14B130D200B5A1A3 /* PeekabooTests.h */,
				39E6657C14B130D200B5A1A3 /* PeekabooTests.m */,
				39E6657614B130D200B5A1A3 /* Supporting Files */,
			);
			path = PeekabooTests;
			sourceTree = "<group>";
		};
		39E6657614B130D200B5A1A3 /* Supporting Files */ = {
			isa = PBXGroup;
			children = (
				39E6657714B130D200B5A1A3 /* PeekabooTests-Info.plist */,
				39E6657814B130D200B5A1A3 /* InfoPlist.strings */,
			);
			name = "Supporting Files";
			sourceTree = "<group>";
		};
		39E6659D14B1327100B5A1A3 /* AV Utilities */ = {
			isa = PBXGroup;
			children = (
				39E6659E14B1328200B5A1A3 /* AVCamCaptureManager.h */,
				39E6659F14B1328200B5A1A3 /* AVCamCaptureManager.m */,
				39E665A014B1328200B5A1A3 /* AVCamRecorder.h */,
				39E665A114B1328200B5A1A3 /* AVCamRecorder.m */,
				39E665A214B1328200B5A1A3 /* AVCamUtilities.h */,
				39E665A314B1328200B5A1A3 /* AVCamUtilities.m */,
			);
			name = "AV Utilities";
			sourceTree = "<group>";
		};
		39ED080E14DE5AA100D6E34A /* AsyncImageView */ = {
			isa = PBXGroup;
			children = (
				39FC931014EAB78C00B10199 /* AsynchronousUIImage.h */,
				39FC931114EAB78C00B10199 /* AsynchronousUIImage.m */,
			);
			name = AsyncImageView;
			sourceTree = "<group>";
		};
/* End PBXGroup section */

/* Begin PBXNativeTarget section */
		39E6654514B130D100B5A1A3 /* Peekaboo */ = {
			isa = PBXNativeTarget;
			buildConfigurationList = 39E6658014B130D200B5A1A3 /* Build configuration list for PBXNativeTarget "Peekaboo" */;
			buildPhases = (
				39E6654214B130D100B5A1A3 /* Sources */,
				39E6654314B130D100B5A1A3 /* Frameworks */,
				39E6654414B130D100B5A1A3 /* Resources */,
			);
			buildRules = (
			);
			dependencies = (
			);
			name = Peekaboo;
			productName = Peekaboo;
			productReference = 39E6654614B130D100B5A1A3 /* Peekaboo.app */;
			productType = "com.apple.product-type.application";
		};
		39E6656C14B130D200B5A1A3 /* PeekabooTests */ = {
			isa = PBXNativeTarget;
			buildConfigurationList = 39E6658314B130D200B5A1A3 /* Build configuration list for PBXNativeTarget "PeekabooTests" */;
			buildPhases = (
				39E6656814B130D200B5A1A3 /* Sources */,
				39E6656914B130D200B5A1A3 /* Frameworks */,
				39E6656A14B130D200B5A1A3 /* Resources */,
				39E6656B14B130D200B5A1A3 /* ShellScript */,
			);
			buildRules = (
			);
			dependencies = (
				39E6657414B130D200B5A1A3 /* PBXTargetDependency */,
			);
			name = PeekabooTests;
			productName = PeekabooTests;
			productReference = 39E6656D14B130D200B5A1A3 /* PeekabooTests.octest */;
			productType = "com.apple.product-type.bundle";
		};
/* End PBXNativeTarget section */

/* Begin PBXProject section */
		39E6653D14B130D000B5A1A3 /* Project object */ = {
			isa = PBXProject;
			attributes = {
				LastUpgradeCheck = 0420;
				ORGANIZATIONNAME = "University of Waterloo";
			};
			buildConfigurationList = 39E6654014B130D000B5A1A3 /* Build configuration list for PBXProject "Peekaboo" */;
			compatibilityVersion = "Xcode 3.2";
			developmentRegion = English;
			hasScannedForEncodings = 0;
			knownRegions = (
				en,
			);
			mainGroup = 39E6653B14B130D000B5A1A3;
			productRefGroup = 39E6654714B130D100B5A1A3 /* Products */;
			projectDirPath = "";
			projectRoot = "";
			targets = (
				39E6654514B130D100B5A1A3 /* Peekaboo */,
				39E6656C14B130D200B5A1A3 /* PeekabooTests */,
			);
		};
/* End PBXProject section */

/* Begin PBXResourcesBuildPhase section */
		39E6654414B130D100B5A1A3 /* Resources */ = {
			isa = PBXResourcesBuildPhase;
			buildActionMask = 2147483647;
			files = (
				39E6655514B130D100B5A1A3 /* InfoPlist.strings in Resources */,
				39E6655E14B130D100B5A1A3 /* MainStoryboard.storyboard in Resources */,
				394AE48714B63E9800A1367D /* SVProgressHUD.bundle in Resources */,
				39CE6A1314C3FE910073415A /* profileBackground.png in Resources */,
				39E1402B14C5F48500624D91 /* FBDialog.bundle in Resources */,
				39E1403014C5F49800624D91 /* FBConnect.bundle in Resources */,
				3988317514CD419900B69275 /* capture-button.png in Resources */,
				3988317614CD419900B69275 /* capture-button@2x.png in Resources */,
				3988317714CD419900B69275 /* tab-explore.png in Resources */,
				3988317814CD419900B69275 /* tab-explore@2x.png in Resources */,
				3988317914CD419900B69275 /* tab-friends.png in Resources */,
				3988317A14CD419900B69275 /* tab-friends@2x.png in Resources */,
				3988317B14CD419900B69275 /* tab-me.png in Resources */,
				3988317C14CD419900B69275 /* tab-me@2x.png in Resources */,
				3988317D14CD419900B69275 /* tab-today.png in Resources */,
				3988317E14CD419900B69275 /* tab-today@2x.png in Resources */,
				3988317F14CD419900B69275 /* app-icon-114.png in Resources */,
				3988318F14CD58AD00B69275 /* fabric-bg.png in Resources */,
				3988319114CD5EA200B69275 /* Default@2x.png in Resources */,
				3988319314CD5EC700B69275 /* Default.png in Resources */,
				3988319B14CD635700B69275 /* facebookButton.png in Resources */,
				3988319D14CD641D00B69275 /* facebookButton@2x.png in Resources */,
				3958BCEE14D3A1FC00D03DB4 /* orangeTopBar.png in Resources */,
				3958BCEF14D3A1FC00D03DB4 /* orangeTopBar@2x.png in Resources */,
				3958BCF514D3B07000D03DB4 /* redTopBar.png in Resources */,
				3958BCF614D3B07000D03DB4 /* redTopBar@2x.png in Resources */,
				3958BCF714D3B07000D03DB4 /* switchCameraButton.png in Resources */,
				39FC931614EACAE000B10199 /* shadow.png in Resources */,
				39FC931714EACAE000B10199 /* shadow@2x.png in Resources */,
				39FC931A14EACBEF00B10199 /* stack.png in Resources */,
				39FC931B14EACBEF00B10199 /* stack@2x.png in Resources */,
				39C31F5514EAD4590099A10C /* popoverBg@2x.png in Resources */,
				39C31F5614EAD4590099A10C /* popoverBg.png in Resources */,
				39C31F5714EAD4590099A10C /* popoverArrowUp@2x.png in Resources */,
				39C31F5814EAD4590099A10C /* popoverArrowUp.png in Resources */,
				39C31F5914EAD4590099A10C /* popoverArrowRight@2x.png in Resources */,
				39C31F5A14EAD4590099A10C /* popoverArrowRight.png in Resources */,
				39C31F5B14EAD4590099A10C /* popoverArrowLeft@2x.png in Resources */,
				39C31F5C14EAD4590099A10C /* popoverArrowLeft.png in Resources */,
				39C31F5D14EAD4590099A10C /* popoverArrowDown@2x.png in Resources */,
				39C31F5E14EAD4590099A10C /* popoverArrowDown.png in Resources */,
				39C31F6414EAD4600099A10C /* popoverBgSimple.png in Resources */,
				39C31F6514EAD4600099A10C /* popoverArrowUpSimple.png in Resources */,
				39C31F6614EAD4600099A10C /* popoverArrowRightSimple.png in Resources */,
				39C31F6714EAD4600099A10C /* popoverArrowLeftSimple.png in Resources */,
				39C31F6814EAD4600099A10C /* popoverArrowDownSimple.png in Resources */,
				3994407D14EF37FF0008C161 /* instructionDialog@2x.png in Resources */,
				3994408014EF444E0008C161 /* facebookLoginBg.png in Resources */,
				39CE53ED15000B5C00F91D66 /* Icon-72.png in Resources */,
				39CE53EE15000B5C00F91D66 /* Icon-Small-50.png in Resources */,
				39CE53EF15000B5C00F91D66 /* Icon-Small.png in Resources */,
				39CE53F015000B5C00F91D66 /* Icon-Small@2x.png in Resources */,
				39CE53F115000B5C00F91D66 /* Icon.png in Resources */,
				39CE53F215000B5C00F91D66 /* Icon@2x.png in Resources */,
				39CE53F315000B5C00F91D66 /* iTunesArtwork.png in Resources */,
				39CE540A1500518800F91D66 /* Down_Head_3.png in Resources */,
				39CE540B1500518800F91D66 /* Head_Background.png in Resources */,
				39CE540C1500518800F91D66 /* Left_Head_3.png in Resources */,
				39CE540D1500518800F91D66 /* Right_Head_3.png in Resources */,
				39CE540E1500518800F91D66 /* Smile_Head_3.png in Resources */,
				39CE540F1500518800F91D66 /* Straight_Head_3.png in Resources */,
				39CE54101500518800F91D66 /* Up_Head_3.png in Resources */,
			);
			runOnlyForDeploymentPostprocessing = 0;
		};
		39E6656A14B130D200B5A1A3 /* Resources */ = {
			isa = PBXResourcesBuildPhase;
			buildActionMask = 2147483647;
			files = (
				39E6657A14B130D200B5A1A3 /* InfoPlist.strings in Resources */,
			);
			runOnlyForDeploymentPostprocessing = 0;
		};
/* End PBXResourcesBuildPhase section */

/* Begin PBXShellScriptBuildPhase section */
		39E6656B14B130D200B5A1A3 /* ShellScript */ = {
			isa = PBXShellScriptBuildPhase;
			buildActionMask = 2147483647;
			files = (
			);
			inputPaths = (
			);
			outputPaths = (
			);
			runOnlyForDeploymentPostprocessing = 0;
			shellPath = /bin/sh;
			shellScript = "# Run the unit tests in this test bundle.\n\"${SYSTEM_DEVELOPER_DIR}/Tools/RunUnitTests\"\n";
		};
/* End PBXShellScriptBuildPhase section */

/* Begin PBXSourcesBuildPhase section */
		39E6654214B130D100B5A1A3 /* Sources */ = {
			isa = PBXSourcesBuildPhase;
			buildActionMask = 2147483647;
			files = (
				39E6655714B130D100B5A1A3 /* main.m in Sources */,
				39E6655B14B130D100B5A1A3 /* PKAppDelegate.m in Sources */,
				39E6656114B130D100B5A1A3 /* Peekaboo.xcdatamodeld in Sources */,
				39E6656414B130D100B5A1A3 /* PKMasterViewController.m in Sources */,
				39E6656714B130D100B5A1A3 /* PKDetailViewController.m in Sources */,
				39E665A414B1328200B5A1A3 /* AVCamCaptureManager.m in Sources */,
				39E665A514B1328200B5A1A3 /* AVCamRecorder.m in Sources */,
				39E665A614B1328200B5A1A3 /* AVCamUtilities.m in Sources */,
				394AE45C14B56E7400A1367D /* ASIAuthenticationDialog.m in Sources */,
				394AE45D14B56E7400A1367D /* ASIDataCompressor.m in Sources */,
				394AE45E14B56E7400A1367D /* ASIDataDecompressor.m in Sources */,
				394AE45F14B56E7400A1367D /* ASIDownloadCache.m in Sources */,
				394AE46014B56E7400A1367D /* ASIFormDataRequest.m in Sources */,
				394AE46114B56E7400A1367D /* ASIHTTPRequest.m in Sources */,
				394AE46214B56E7400A1367D /* ASIInputStream.m in Sources */,
				394AE46314B56E7400A1367D /* ASINetworkQueue.m in Sources */,
				394AE48114B5808600A1367D /* Reachability.m in Sources */,
				394AE48B14B63EAA00A1367D /* SVProgressHUD.m in Sources */,
				394AE49614B64A7B00A1367D /* UIImage+ProportionalFill.m in Sources */,
				394AE49714B64A7B00A1367D /* UIImage+Tint.m in Sources */,
				394AE4B314B6541100A1367D /* NSObject+SBJson.m in Sources */,
				394AE4B414B6541100A1367D /* SBJsonParser.m in Sources */,
				394AE4B514B6541100A1367D /* SBJsonStreamParser.m in Sources */,
				394AE4B614B6541100A1367D /* SBJsonStreamParserAccumulator.m in Sources */,
				394AE4B714B6541100A1367D /* SBJsonStreamParserAdapter.m in Sources */,
				394AE4B814B6541100A1367D /* SBJsonStreamParserState.m in Sources */,
				394AE4B914B6541100A1367D /* SBJsonStreamWriter.m in Sources */,
				394AE4BA14B6541100A1367D /* SBJsonStreamWriterAccumulator.m in Sources */,
				394AE4BB14B6541100A1367D /* SBJsonStreamWriterState.m in Sources */,
				394AE4BC14B6541100A1367D /* SBJsonTokeniser.m in Sources */,
				394AE4BD14B6541100A1367D /* SBJsonUTF8Stream.m in Sources */,
				394AE4BE14B6541100A1367D /* SBJsonWriter.m in Sources */,
				394F69C614C253BF0034603D /* PersonViewController.m in Sources */,
				39E1402A14C5F48500624D91 /* Facebook.m in Sources */,
				39E1402C14C5F48500624D91 /* FBDialog.m in Sources */,
				39E1402D14C5F48500624D91 /* FBLoginDialog.m in Sources */,
				39E1402E14C5F48500624D91 /* FBRequest.m in Sources */,
				39E1403714C6041300624D91 /* PKFacebookConnectViewController.m in Sources */,
				3988316814CD40F100B69275 /* BaseViewController.m in Sources */,
				39545B4014DD1E630025411F /* PKPerson.m in Sources */,
				39FC931214EAB78C00B10199 /* AsynchronousUIImage.m in Sources */,
				39C31F4114EAD1C50099A10C /* WETouchableView.m in Sources */,
				39C31F4214EAD1C50099A10C /* WEPopoverContainerView.m in Sources */,
				39C31F4314EAD1C50099A10C /* WEPopoverController.m in Sources */,
				39C31F4414EAD1C50099A10C /* UIBarButtonItem+WEPopover.m in Sources */,
				39C31F4714EAD2C50099A10C /* WEPopoverContentViewController.m in Sources */,
				39CE53FA150050BC00F91D66 /* PKTrainingViewController.m in Sources */,
				39CE54001500510000F91D66 /* CPAnimationSequence.m in Sources */,
				39CE54011500510000F91D66 /* CPAnimationStep.m in Sources */,
				3948E03F1501A34200C5BDA9 /* ZUUIRevealController.m in Sources */,
				3948E0461501ADC300C5BDA9 /* PKSettingsViewController.m in Sources */,
			);
			runOnlyForDeploymentPostprocessing = 0;
		};
		39E6656814B130D200B5A1A3 /* Sources */ = {
			isa = PBXSourcesBuildPhase;
			buildActionMask = 2147483647;
			files = (
				39E6657D14B130D200B5A1A3 /* PeekabooTests.m in Sources */,
			);
			runOnlyForDeploymentPostprocessing = 0;
		};
/* End PBXSourcesBuildPhase section */

/* Begin PBXTargetDependency section */
		39E6657414B130D200B5A1A3 /* PBXTargetDependency */ = {
			isa = PBXTargetDependency;
			target = 39E6654514B130D100B5A1A3 /* Peekaboo */;
			targetProxy = 39E6657314B130D200B5A1A3 /* PBXContainerItemProxy */;
		};
/* End PBXTargetDependency section */

/* Begin PBXVariantGroup section */
		39E6655314B130D100B5A1A3 /* InfoPlist.strings */ = {
			isa = PBXVariantGroup;
			children = (
				39E6655414B130D100B5A1A3 /* en */,
			);
			name = InfoPlist.strings;
			sourceTree = "<group>";
		};
		39E6655C14B130D100B5A1A3 /* MainStoryboard.storyboard */ = {
			isa = PBXVariantGroup;
			children = (
				39E6655D14B130D100B5A1A3 /* en */,
			);
			name = MainStoryboard.storyboard;
			sourceTree = "<group>";
		};
		39E6657814B130D200B5A1A3 /* InfoPlist.strings */ = {
			isa = PBXVariantGroup;
			children = (
				39E6657914B130D200B5A1A3 /* en */,
			);
			name = InfoPlist.strings;
			sourceTree = "<group>";
		};
/* End PBXVariantGroup section */

/* Begin XCBuildConfiguration section */
		39E6657E14B130D200B5A1A3 /* Debug */ = {
			isa = XCBuildConfiguration;
			buildSettings = {
				ALWAYS_SEARCH_USER_PATHS = NO;
				ARCHS = "$(ARCHS_STANDARD_32_BIT)";
				CLANG_ENABLE_OBJC_ARC = YES;
				"CODE_SIGN_IDENTITY[sdk=iphoneos*]" = "iPhone Developer";
				COPY_PHASE_STRIP = NO;
				GCC_C_LANGUAGE_STANDARD = gnu99;
				GCC_DYNAMIC_NO_PIC = NO;
				GCC_OPTIMIZATION_LEVEL = 0;
				GCC_PREPROCESSOR_DEFINITIONS = (
					"DEBUG=1",
					"$(inherited)",
				);
				GCC_SYMBOLS_PRIVATE_EXTERN = NO;
				GCC_VERSION = com.apple.compilers.llvm.clang.1_0;
				GCC_WARN_ABOUT_MISSING_PROTOTYPES = YES;
				GCC_WARN_ABOUT_RETURN_TYPE = YES;
				GCC_WARN_UNUSED_VARIABLE = YES;
				IPHONEOS_DEPLOYMENT_TARGET = 5.0;
				SDKROOT = iphoneos;
			};
			name = Debug;
		};
		39E6657F14B130D200B5A1A3 /* Release */ = {
			isa = XCBuildConfiguration;
			buildSettings = {
				ALWAYS_SEARCH_USER_PATHS = NO;
				ARCHS = "$(ARCHS_STANDARD_32_BIT)";
				CLANG_ENABLE_OBJC_ARC = YES;
				"CODE_SIGN_IDENTITY[sdk=iphoneos*]" = "iPhone Developer";
				COPY_PHASE_STRIP = YES;
				GCC_C_LANGUAGE_STANDARD = gnu99;
				GCC_VERSION = com.apple.compilers.llvm.clang.1_0;
				GCC_WARN_ABOUT_MISSING_PROTOTYPES = YES;
				GCC_WARN_ABOUT_RETURN_TYPE = YES;
				GCC_WARN_UNUSED_VARIABLE = YES;
				IPHONEOS_DEPLOYMENT_TARGET = 5.0;
				OTHER_CFLAGS = "-DNS_BLOCK_ASSERTIONS=1";
				SDKROOT = iphoneos;
				VALIDATE_PRODUCT = YES;
			};
			name = Release;
		};
		39E6658114B130D200B5A1A3 /* Debug */ = {
			isa = XCBuildConfiguration;
			buildSettings = {
				FRAMEWORK_SEARCH_PATHS = (
					"$(inherited)",
					"\"$(SRCROOT)/../../../Desktop\"",
					"\"$(SRCROOT)/WrapperFace.embeddedframework\"",
					"\"$(SRCROOT)\"",
				);
				GCC_PRECOMPILE_PREFIX_HEADER = YES;
				GCC_PREFIX_HEADER = "Peekaboo/Peekaboo-Prefix.pch";
				INFOPLIST_FILE = "Peekaboo/Peekaboo-Info.plist";
				OTHER_LDFLAGS = (
					"-ObjC",
					"-all_load",
				);
				PRODUCT_NAME = "$(TARGET_NAME)";
				WRAPPER_EXTENSION = app;
			};
			name = Debug;
		};
		39E6658214B130D200B5A1A3 /* Release */ = {
			isa = XCBuildConfiguration;
			buildSettings = {
				FRAMEWORK_SEARCH_PATHS = (
					"$(inherited)",
					"\"$(SRCROOT)/../../../Desktop\"",
					"\"$(SRCROOT)/WrapperFace.embeddedframework\"",
					"\"$(SRCROOT)\"",
				);
				GCC_PRECOMPILE_PREFIX_HEADER = YES;
				GCC_PREFIX_HEADER = "Peekaboo/Peekaboo-Prefix.pch";
				INFOPLIST_FILE = "Peekaboo/Peekaboo-Info.plist";
				OTHER_LDFLAGS = (
					"-ObjC",
					"-all_load",
				);
				PRODUCT_NAME = "$(TARGET_NAME)";
				WRAPPER_EXTENSION = app;
			};
			name = Release;
		};
		39E6658414B130D200B5A1A3 /* Debug */ = {
			isa = XCBuildConfiguration;
			buildSettings = {
				BUNDLE_LOADER = "$(BUILT_PRODUCTS_DIR)/Peekaboo.app/Peekaboo";
				FRAMEWORK_SEARCH_PATHS = (
					"$(SDKROOT)/Developer/Library/Frameworks",
					"$(DEVELOPER_LIBRARY_DIR)/Frameworks",
				);
				GCC_PRECOMPILE_PREFIX_HEADER = YES;
				GCC_PREFIX_HEADER = "Peekaboo/Peekaboo-Prefix.pch";
				INFOPLIST_FILE = "PeekabooTests/PeekabooTests-Info.plist";
				PRODUCT_NAME = "$(TARGET_NAME)";
				TEST_HOST = "$(BUNDLE_LOADER)";
				WRAPPER_EXTENSION = octest;
			};
			name = Debug;
		};
		39E6658514B130D200B5A1A3 /* Release */ = {
			isa = XCBuildConfiguration;
			buildSettings = {
				BUNDLE_LOADER = "$(BUILT_PRODUCTS_DIR)/Peekaboo.app/Peekaboo";
				FRAMEWORK_SEARCH_PATHS = (
					"$(SDKROOT)/Developer/Library/Frameworks",
					"$(DEVELOPER_LIBRARY_DIR)/Frameworks",
				);
				GCC_PRECOMPILE_PREFIX_HEADER = YES;
				GCC_PREFIX_HEADER = "Peekaboo/Peekaboo-Prefix.pch";
				INFOPLIST_FILE = "PeekabooTests/PeekabooTests-Info.plist";
				PRODUCT_NAME = "$(TARGET_NAME)";
				TEST_HOST = "$(BUNDLE_LOADER)";
				WRAPPER_EXTENSION = octest;
			};
			name = Release;
		};
/* End XCBuildConfiguration section */

/* Begin XCConfigurationList section */
		39E6654014B130D000B5A1A3 /* Build configuration list for PBXProject "Peekaboo" */ = {
			isa = XCConfigurationList;
			buildConfigurations = (
				39E6657E14B130D200B5A1A3 /* Debug */,
				39E6657F14B130D200B5A1A3 /* Release */,
			);
			defaultConfigurationIsVisible = 0;
			defaultConfigurationName = Release;
		};
		39E6658014B130D200B5A1A3 /* Build configuration list for PBXNativeTarget "Peekaboo" */ = {
			isa = XCConfigurationList;
			buildConfigurations = (
				39E6658114B130D200B5A1A3 /* Debug */,
				39E6658214B130D200B5A1A3 /* Release */,
			);
			defaultConfigurationIsVisible = 0;
			defaultConfigurationName = Release;
		};
		39E6658314B130D200B5A1A3 /* Build configuration list for PBXNativeTarget "PeekabooTests" */ = {
			isa = XCConfigurationList;
			buildConfigurations = (
				39E6658414B130D200B5A1A3 /* Debug */,
				39E6658514B130D200B5A1A3 /* Release */,
			);
			defaultConfigurationIsVisible = 0;
			defaultConfigurationName = Release;
		};
/* End XCConfigurationList section */

/* Begin XCVersionGroup section */
		39E6655F14B130D100B5A1A3 /* Peekaboo.xcdatamodeld */ = {
			isa = XCVersionGroup;
			children = (
				39E6656014B130D100B5A1A3 /* Peekaboo.xcdatamodel */,
			);
			currentVersion = 39E6656014B130D100B5A1A3 /* Peekaboo.xcdatamodel */;
			path = Peekaboo.xcdatamodeld;
			sourceTree = "<group>";
			versionGroupType = wrapper.xcdatamodel;
		};
/* End XCVersionGroup section */
	};
	rootObject = 39E6653D14B130D000B5A1A3 /* Project object */;
}
